{
  "version": "5",
  "specifiers": {
    "jsr:@std/assert@1.0.19": "1.0.19",
    "jsr:@std/internal@^1.0.12": "1.0.14",
    "npm:@supabase/supabase-js@2.112.2": "2.112.2",
    "npm:asn1js@3.0.10": "3.0.10",
    "npm:cbor@10.0.12": "10.0.12",
    "npm:postgres@3.4.9": "3.4.9"
  },
  "jsr": {
    "@std/assert@1.0.19": {
      "integrity": "eaada96ee120cb980bc47e040f82814d786fe8162ecc53c91d8df60b8755991e",
      "dependencies": [
        "jsr:@std/internal"
      ]
    },
    "@std/internal@1.0.14": {
      "integrity": "291516b3d4c35024d6ffbc0a9df5bf4c64116e05b50012cf846710152d2ffdf7"
    }
  },
  "npm": {
    "@supabase/auth-js@2.112.2": {
      "integrity": "sha512-l1InCp4j98d09LZ6+RgubgF4eVPGBGXcLEhFusLg1qUCHJ2IEkYu5FohKK+eaFmIOwEk0kqG/j/lycw5e15mcQ==",
      "dependencies": [
        "tslib"
      ]
    },
    "@supabase/functions-js@2.112.2": {
      "integrity": "sha512-oMuSWN0ERmrG9S6kOM0bwhHmESGVl3kMtkZl2dNCU/r89hMiziX4GfD1omNo9QcBDele4N0GwSZ7hdbpuiA35A==",
      "dependencies": [
        "tslib"
      ]
    },
    "@supabase/phoenix@0.4.5": {
      "integrity": "sha512-aAn9H9ovVyeApKy11OWOrrOGq8DV68yWeH4ud2lN9fzn4aO8Zb5GLL9m1pUg9nLqIcT+ZDfAcsZe0E/nqdv2lw=="
    },
    "@supabase/postgrest-js@2.112.2": {
      "integrity": "sha512-ewhhtRny/HFRGhUTTg/PsqIatsl8OhW8Eha/Tz4S+SRAXBnuhKei9ZpsQTgL/3XcH9UEwuPQyQgQ9itq7nRQeg==",
      "dependencies": [
        "tslib"
      ]
    },
    "@supabase/realtime-js@2.112.2": {
      "integrity": "sha512-cd9/CEUJ6Go13FxtfiuC5rYELJtuQzVzTXlGG+XjSppjDS+anq+xo++WQe7ZRUNTuHOCeyKRwmx9Hw/OQJ04ig==",
      "dependencies": [
        "@supabase/phoenix",
        "tslib"
      ]
    },
    "@supabase/storage-js@2.112.2": {
      "integrity": "sha512-6jyBq/J1iXOHNpbjCZS7gFcDk49iM1MCJUVkDl71gLd/+XnLDzpUBs8icGebtwiHpl4kVszxIRDYAosbF4Rsig==",
      "dependencies": [
        "iceberg-js",
        "tslib"
      ]
    },
    "@supabase/supabase-js@2.112.2": {
      "integrity": "sha512-UyI1epU9B4X51HvNpkmlwTdF20fEcz2vyvrcDKVzFN4jZN41f5iQRqsiIQjAY5OVJD6ljqA/1g9JQeOTvFHpkA==",
      "dependencies": [
        "@supabase/auth-js",
        "@supabase/functions-js",
        "@supabase/postgrest-js",
        "@supabase/realtime-js",
        "@supabase/storage-js"
      ]
    },
    "asn1js@3.0.10": {
      "integrity": "sha512-S2s3aOytiKdFRdulw2qPE51MzjzVOisppcVv7jVFR+Kw0kxwvFrDcYA0h7Ndqbmj0HkMIXYWaoj7fli8kgx1eg==",
      "dependencies": [
        "pvtsutils",
        "pvutils",
        "tslib"
      ]
    },
    "cbor@10.0.12": {
      "integrity": "sha512-exQDevYd7ZQLP4moMQcZkKCVZsXLAtUSflObr3xTh4xzFIv/xBCdvCd6L259kQOUP2kcTC0jvC6PpZIf/WmRXA==",
      "dependencies": [
        "nofilter"
      ]
    },
    "iceberg-js@0.8.1": {
      "integrity": "sha512-1dhVQZXhcHje7798IVM+xoo/1ZdVfzOMIc8/rgVSijRK38EDqOJoGula9N/8ZI5RD8QTxNQtK/Gozpr+qUqRRA=="
    },
    "nofilter@3.1.0": {
      "integrity": "sha512-l2NNj07e9afPnhAhvgVrCD/oy2Ai1yfLpuo3EpiO1jFTsB4sFz6oIfAfSZyQzVpkZQ9xS8ZS5g1jCBgq4Hwo0g=="
    },
    "postgres@3.4.9": {
      "integrity": "sha512-GD3qdB0x1z9xgFI6cdRD6xu2Sp2WCOEoe3mtnyB5Ee0XrrL5Pe+e4CCnJrRMnL1zYtRDZmQQVbvOttLnKDLnaw=="
    },
    "pvtsutils@1.3.6": {
      "integrity": "sha512-PLgQXQ6H2FWCaeRak8vvk1GW462lMxB5s3Jm673N82zI4vqtVUPuZdffdZbPDFRoU8kAhItWFtPCWiPpp4/EDg==",
      "dependencies": [
        "tslib"
      ]
    },
    "pvutils@1.2.0": {
      "integrity": "sha512-BbubeCEyTuQjVMakvJQ/Sxbc93F2pwmbsxONT/ZRrwU7Ua38d8unYTwXpTVLAKJ4BDuH9IGztCjQcd/N/39Dvg=="
    },
    "tslib@2.8.1": {
      "integrity": "sha512-oJFu94HQb+KVduSUQL7wnpmqnfmLsOA/nAh6b6EH0wCEoK0/mPeXU6c3wKDV83MkOuHPRHtSXKKU99IBazS/2w=="
    }
  },
  "redirects": {
    "https://esm.sh/asn1js@^3.0.6?target=deno": "https://esm.sh/asn1js@3.0.10?target=deno",
    "https://esm.sh/asn1js@^3.0.6?target=denonext": "https://esm.sh/asn1js@3.0.10?target=denonext",
    "https://esm.sh/asn1js@^3.0.7?target=denonext": "https://esm.sh/asn1js@3.0.10?target=denonext",
    "https://esm.sh/bytestreamjs@^2.0.1?target=deno": "https://esm.sh/bytestreamjs@2.0.1?target=deno",
    "https://esm.sh/bytestreamjs@^2.0.1?target=denonext": "https://esm.sh/bytestreamjs@2.0.1?target=denonext",
    "https://esm.sh/cbor@^10.0.11?target=denonext": "https://esm.sh/cbor@10.0.12?target=denonext",
    "https://esm.sh/nofilter@^3.0.2?target=denonext": "https://esm.sh/nofilter@3.1.0?target=denonext",
    "https://esm.sh/pkijs@^3.3.3?target=denonext": "https://esm.sh/pkijs@3.4.0?target=denonext",
    "https://esm.sh/pvtsutils@^1.3.6?target=deno": "https://esm.sh/pvtsutils@1.3.6?target=deno",
    "https://esm.sh/pvtsutils@^1.3.6?target=denonext": "https://esm.sh/pvtsutils@1.3.6?target=denonext",
    "https://esm.sh/pvutils@^1.1.3?target=deno": "https://esm.sh/pvutils@1.2.0?target=deno",
    "https://esm.sh/pvutils@^1.1.3?target=denonext": "https://esm.sh/pvutils@1.2.0?target=denonext",
    "https://esm.sh/pvutils@^1.1.5?target=deno": "https://esm.sh/pvutils@1.2.0?target=deno",
    "https://esm.sh/pvutils@^1.1.5?target=denonext": "https://esm.sh/pvutils@1.2.0?target=denonext"
  },
  "remote": {
    "https://deno.land/std@0.177.1/_util/asserts.ts": "178dfc49a464aee693a7e285567b3d0b555dc805ff490505a8aae34f9cfb1462",
    "https://deno.land/std@0.177.1/_util/os.ts": "d932f56d41e4f6a6093d56044e29ce637f8dcc43c5a90af43504a889cf1775e3",
    "https://deno.land/std@0.177.1/async/abortable.ts": "73acfb3ed7261ce0d930dbe89e43db8d34e017b063cf0eaa7d215477bf53442e",
    "https://deno.land/std@0.177.1/async/deadline.ts": "c5facb0b404eede83e38bd2717ea8ab34faa2ffb20ef87fd261fcba32ba307aa",
    "https://deno.land/std@0.177.1/async/debounce.ts": "adab11d04ca38d699444ac8a9d9856b4155e8dda2afd07ce78276c01ea5a4332",
    "https://deno.land/std@0.177.1/async/deferred.ts": "42790112f36a75a57db4a96d33974a936deb7b04d25c6084a9fa8a49f135def8",
    "https://deno.land/std@0.177.1/async/delay.ts": "73aa04cec034c84fc748c7be49bb15cac3dd43a57174bfdb7a4aec22c248f0dd",
    "https://deno.land/std@0.177.1/async/mod.ts": "f04344fa21738e5ad6bea37a6bfffd57c617c2d372bb9f9dcfd118a1b622e576",
    "https://deno.land/std@0.177.1/async/mux_async_iterator.ts": "70c7f2ee4e9466161350473ad61cac0b9f115cff4c552eaa7ef9d50c4cbb4cc9",
    "https://deno.land/std@0.177.1/async/pool.ts": "fd082bd4aaf26445909889435a5c74334c017847842ec035739b4ae637ae8260",
    "https://deno.land/std@0.177.1/async/retry.ts": "5efa3ba450ac0c07a40a82e2df296287b5013755d232049efd7ea2244f15b20f",
    "https://deno.land/std@0.177.1/async/tee.ts": "47e42d35f622650b02234d43803d0383a89eb4387e1b83b5a40106d18ae36757",
    "https://deno.land/std@0.177.1/bytes/index_of_needle.ts": "65c939607df609374c4415598fa4dad04a2f14c4d98cd15775216f0aaf597f24",
    "https://deno.land/std@0.177.1/crypto/timing_safe_equal.ts": "8d69ab611c67fe51b6127d97fcfb4d8e7d0e1b6b4f3e0cc4ab86744c3691f965",
    "https://deno.land/std@0.177.1/encoding/base64.ts": "7de04c2f8aeeb41453b09b186480be90f2ff357613b988e99fabb91d2eeceba1",
    "https://deno.land/std@0.177.1/encoding/base64url.ts": "3f1178f6446834457b16bfde8b559c1cd3481727fe384d3385e4a9995dc2d851",
    "https://deno.land/std@0.177.1/flags/mod.ts": "d1cdefa18472ef69858a17df5cf7c98445ed27ac10e1460183081303b0ebc270",
    "https://deno.land/std@0.177.1/node/_core.ts": "9a58c0ef98ee77e9b8fcc405511d1b37a003a705eb6a9b6e95f75434d8009adc",
    "https://deno.land/std@0.177.1/node/_events.mjs": "d4ba4e629abe3db9f1b14659fd5c282b7da8b2b95eaf13238eee4ebb142a2448",
    "https://deno.land/std@0.177.1/node/_next_tick.ts": "9a3cf107d59b019a355d3cf32275b4c6157282e4b68ea85b46a799cb1d379305",
    "https://deno.land/std@0.177.1/node/_process/exiting.ts": "6e336180aaabd1192bf99ffeb0d14b689116a3dec1dfb34a2afbacd6766e98ab",
    "https://deno.land/std@0.177.1/node/_process/process.ts": "c96bb1f6253824c372f4866ee006dcefda02b7050d46759736e403f862d91051",
    "https://deno.land/std@0.177.1/node/_process/stdio.mjs": "cf17727eac8da3a665851df700b5aca6a12bacc3ebbf33e63e4b919f80ba44a6",
    "https://deno.land/std@0.177.1/node/_process/streams.mjs": "408777fba99580567f3ee82ee584ca79012cc550f8dacb8c5ec633b58cd0c1ca",
    "https://deno.land/std@0.177.1/node/_stream.mjs": "d6e2c86c1158ac65b4c2ca4fa019d7e84374ff12e21e2175345fe68c0823efe3",
    "https://deno.land/std@0.177.1/node/_utils.ts": "7fd55872a0cf9275e3c080a60e2fa6d45b8de9e956ebcde9053e72a344185884",
    "https://deno.land/std@0.177.1/node/buffer.ts": "85617be2063eccaf177dbb84c7580d1e32023724ed14bd9df4e453b152a26167",
    "https://deno.land/std@0.177.1/node/events.ts": "d2de352d509de11a375e2cb397d6b98f5fed4e562fc1d41be33214903a38e6b0",
    "https://deno.land/std@0.177.1/node/internal/buffer.mjs": "e92303a3cc6d9aaabcd270a937ad9319825d9ba08cb332650944df4562029b27",
    "https://deno.land/std@0.177.1/node/internal/crypto/_keys.ts": "8f3c3b5a141aa0331a53c205e9338655f1b3b307a08085fd6ff6dda6f7c4190b",
    "https://deno.land/std@0.177.1/node/internal/crypto/constants.ts": "544d605703053218499b08214f2e25cf4310651d535b7ab995891c4b7a217693",
    "https://deno.land/std@0.177.1/node/internal/error_codes.ts": "8495e33f448a484518d76fa3d41d34fc20fe03c14b30130ad8e936b0035d4b8b",
    "https://deno.land/std@0.177.1/node/internal/errors.ts": "1c699b8a3cb93174f697a348c004b1c6d576b66688eac8a48ebb78e65c720aae",
    "https://deno.land/std@0.177.1/node/internal/fixed_queue.ts": "62bb119afa5b5ae8fc0c7048b50502347bec82e2588017d0b250c4671d6eff8f",
    "https://deno.land/std@0.177.1/node/internal/hide_stack_frames.ts": "9dd1bad0a6e62a1042ce3a51eb1b1ecee2f246907bff44835f86e8f021de679a",
    "https://deno.land/std@0.177.1/node/internal/net.ts": "5538d31b595ac63d4b3e90393168bc65ace2f332c3317cffa2fd780070b2d86c",
    "https://deno.land/std@0.177.1/node/internal/normalize_encoding.mjs": "fd1d9df61c44d7196432f6e8244621468715131d18cc79cd299fc78ac549f707",
    "https://deno.land/std@0.177.1/node/internal/options.ts": "888f267c3fe8f18dc7b2f2fbdbe7e4a0fd3302ff3e99f5d6645601e924f3e3fb",
    "https://deno.land/std@0.177.1/node/internal/primordials.mjs": "a72d86b5aa55d3d50b8e916b6a59b7cc0dc5a31da8937114b4a113ad5aa08c74",
    "https://deno.land/std@0.177.1/node/internal/process/per_thread.mjs": "10142bbb13978c2f8f79778ad90f3a67a8ea6d8d2970f3dfc6bf2c6fff0162a2",
    "https://deno.land/std@0.177.1/node/internal/readline/callbacks.mjs": "bdb129b140c3b21b5e08cdc3d8e43517ad818ac03f75197338d665cca1cbaed3",
    "https://deno.land/std@0.177.1/node/internal/readline/utils.mjs": "c3dbf3a97c01ed14052cca3848f09e2fc24818c1822ceed57c33b9f0840f3b87",
    "https://deno.land/std@0.177.1/node/internal/streams/destroy.mjs": "b665fc71178919a34ddeac8389d162a81b4bc693ff7dc2557fa41b3a91011967",
    "https://deno.land/std@0.177.1/node/internal/streams/end-of-stream.mjs": "a4fb1c2e32d58dff440d4e716e2c4daaa403b3095304a028bb428575cfeed716",
    "https://deno.land/std@0.177.1/node/internal/streams/utils.mjs": "f2fe2e6bdc506da24c758970890cc2a21642045b129dee618bd3827c60dd9e33",
    "https://deno.land/std@0.177.1/node/internal/util.mjs": "f7fe2e1ca5e66f550ad0856b9f5ee4d666f0c071fe212ea7fc7f37cfa81f97a5",
    "https://deno.land/std@0.177.1/node/internal/util/inspect.mjs": "11d7c9cab514b8e485acc3978c74b837263ff9c08ae4537fa18ad56bae633259",
    "https://deno.land/std@0.177.1/node/internal/util/types.ts": "0e587b44ec5e017cf228589fc5ce9983b75beece6c39409c34170cfad49d6417",
    "https://deno.land/std@0.177.1/node/internal/validators.mjs": "e02f2b02dd072a5d623970292588d541204dc82207b4c58985d933a5f4b382e6",
    "https://deno.land/std@0.177.1/node/internal_binding/_libuv_winerror.ts": "30c9569603d4b97a1f1a034d88a3f74800d5ea1f12fcc3d225c9899d4e1a518b",
    "https://deno.land/std@0.177.1/node/internal_binding/_listen.ts": "c6038be47116f7755c01fd98340a0d1e8e66ef874710ab59ed3f5607d50d7a25",
    "https://deno.land/std@0.177.1/node/internal_binding/_node.ts": "cb2389b0eab121df99853eb6a5e3a684e4537e065fb8bf2cca0cbf219ce4e32e",
    "https://deno.land/std@0.177.1/node/internal_binding/_timingSafeEqual.ts": "7d9732464d3c669ff07713868ce5d25bc974a06112edbfb5f017fc3c70c0853e",
    "https://deno.land/std@0.177.1/node/internal_binding/_utils.ts": "7c58a2fbb031a204dee9583ba211cf9c67922112fe77e7f0b3226112469e9fe1",
    "https://deno.land/std@0.177.1/node/internal_binding/_winerror.ts": "3e8cfdfe22e89f13d2b28529bab35155e6b1730c0221ec5a6fc7077dc037be13",
    "https://deno.land/std@0.177.1/node/internal_binding/ares.ts": "bdd34c679265a6c115a8cfdde000656837a0a0dcdb0e4c258e622e136e9c31b8",
    "https://deno.land/std@0.177.1/node/internal_binding/async_wrap.ts": "0dc5ae64eea2c9e57ab17887ef1573922245167ffe38e3685c28d636f487f1b7",
    "https://deno.land/std@0.177.1/node/internal_binding/buffer.ts": "31729e0537921d6c730ad0afea44a7e8a0a1044d070ade8368226cb6f7390c8b",
    "https://deno.land/std@0.177.1/node/internal_binding/cares_wrap.ts": "9b7247772167f8ed56acd0244a232d9d50e8d7c9cfc379f77f3d54cecc2f32ab",
    "https://deno.land/std@0.177.1/node/internal_binding/config.ts": "37d293009d1718205bf28e878e54a9f1ca24c1c320cee2416c20dc054104c6ea",
    "https://deno.land/std@0.177.1/node/internal_binding/connection_wrap.ts": "7dd089ea46de38e4992d0f43a09b586e4cf04878fb06863c1cb8cb2ece7da521",
    "https://deno.land/std@0.177.1/node/internal_binding/constants.ts": "21ff9d1ee71d0a2086541083a7711842fc6ae25e264dbf45c73815aadce06f4c",
    "https://deno.land/std@0.177.1/node/internal_binding/contextify.ts": "37d293009d1718205bf28e878e54a9f1ca24c1c320cee2416c20dc054104c6ea",
    "https://deno.land/std@0.177.1/node/internal_binding/credentials.ts": "37d293009d1718205bf28e878e54a9f1ca24c1c320cee2416c20dc054104c6ea",
    "https://deno.land/std@0.177.1/node/internal_binding/crypto.ts": "29e8f94f283a2e7d4229d3551369c6a40c2af9737fad948cb9be56bef6c468cd",
    "https://deno.land/std@0.177.1/node/internal_binding/errors.ts": "37d293009d1718205bf28e878e54a9f1ca24c1c320cee2416c20dc054104c6ea",
    "https://deno.land/std@0.177.1/node/internal_binding/fs.ts": "37d293009d1718205bf28e878e54a9f1ca24c1c320cee2416c20dc054104c6ea",
    "https://deno.land/std@0.177.1/node/internal_binding/fs_dir.ts": "37d293009d1718205bf28e878e54a9f1ca24c1c320cee2416c20dc054104c6ea",
    "https://deno.land/std@0.177.1/node/internal_binding/fs_event_wrap.ts": "37d293009d1718205bf28e878e54a9f1ca24c1c320cee2416c20dc054104c6ea",
    "https://deno.land/std@0.177.1/node/internal_binding/handle_wrap.ts": "adf0b8063da2c54f26edd5e8ec50296a4d38e42716a70a229f14654b17a071d9",
    "https://deno.land/std@0.177.1/node/internal_binding/heap_utils.ts": "37d293009d1718205bf28e878e54a9f1ca24c1c320cee2416c20dc054104c6ea",
    "https://deno.land/std@0.177.1/node/internal_binding/http_parser.ts": "37d293009d1718205bf28e878e54a9f1ca24c1c320cee2416c20dc054104c6ea",
    "https://deno.land/std@0.177.1/node/internal_binding/icu.ts": "37d293009d1718205bf28e878e54a9f1ca24c1c320cee2416c20dc054104c6ea",
    "https://deno.land/std@0.177.1/node/internal_binding/inspector.ts": "37d293009d1718205bf28e878e54a9f1ca24c1c320cee2416c20dc054104c6ea",
    "https://deno.land/std@0.177.1/node/internal_binding/js_stream.ts": "37d293009d1718205bf28e878e54a9f1ca24c1c320cee2416c20dc054104c6ea",
    "https://deno.land/std@0.177.1/node/internal_binding/messaging.ts": "37d293009d1718205bf28e878e54a9f1ca24c1c320cee2416c20dc054104c6ea",
    "https://deno.land/std@0.177.1/node/internal_binding/mod.ts": "9fc65f7af1d35e2d3557539a558ea9ad7a9954eefafe614ad82d94bddfe25845",
    "https://deno.land/std@0.177.1/node/internal_binding/module_wrap.ts": "37d293009d1718205bf28e878e54a9f1ca24c1c320cee2416c20dc054104c6ea",
    "https://deno.land/std@0.177.1/node/internal_binding/native_module.ts": "37d293009d1718205bf28e878e54a9f1ca24c1c320cee2416c20dc054104c6ea",
    "https://deno.land/std@0.177.1/node/internal_binding/natives.ts": "37d293009d1718205bf28e878e54a9f1ca24c1c320cee2416c20dc054104c6ea",
    "https://deno.land/std@0.177.1/node/internal_binding/node_file.ts": "21edbbc95653e45514aff252b6cae7bf127a4338cbc5f090557d258aa205d8a5",
    "https://deno.land/std@0.177.1/node/internal_binding/node_options.ts": "0b5cb0bf4379a39278d7b7bb6bb2c2751baf428fe437abe5ed3e8441fae1f18b",
    "https://deno.land/std@0.177.1/node/internal_binding/options.ts": "37d293009d1718205bf28e878e54a9f1ca24c1c320cee2416c20dc054104c6ea",
    "https://deno.land/std@0.177.1/node/internal_binding/os.ts": "37d293009d1718205bf28e878e54a9f1ca24c1c320cee2416c20dc054104c6ea",
    "https://deno.land/std@0.177.1/node/internal_binding/performance.ts": "37d293009d1718205bf28e878e54a9f1ca24c1c320cee2416c20dc054104c6ea",
    "https://deno.land/std@0.177.1/node/internal_binding/pipe_wrap.ts": "30e3a63954313f9d5bbc2ac02c7f9be4b1204c493e47f6e1b9c7366994e6ea6d",
    "https://deno.land/std@0.177.1/node/internal_binding/process_methods.ts": "37d293009d1718205bf28e878e54a9f1ca24c1c320cee2416c20dc054104c6ea",
    "https://deno.land/std@0.177.1/node/internal_binding/report.ts": "37d293009d1718205bf28e878e54a9f1ca24c1c320cee2416c20dc054104c6ea",
    "https://deno.land/std@0.177.1/node/internal_binding/serdes.ts": "37d293009d1718205bf28e878e54a9f1ca24c1c320cee2416c20dc054104c6ea",
    "https://deno.land/std@0.177.1/node/internal_binding/signal_wrap.ts": "37d293009d1718205bf28e878e54a9f1ca24c1c320cee2416c20dc054104c6ea",
    "https://deno.land/std@0.177.1/node/internal_binding/spawn_sync.ts": "37d293009d1718205bf28e878e54a9f1ca24c1c320cee2416c20dc054104c6ea",
    "https://deno.land/std@0.177.1/node/internal_binding/stream_wrap.ts": "452bff74d1db280a0cd78c75a95bb6d163e849e06e9638c4af405d40296bd050",
    "https://deno.land/std@0.177.1/node/internal_binding/string_decoder.ts": "54c3c1cbd5a9254881be58bf22637965dc69535483014dab60487e299cb95445",
    "https://deno.land/std@0.177.1/node/internal_binding/symbols.ts": "4dee2f3a400d711fd57fa3430b8de1fdb011e08e260b81fef5b81cc06ed77129",
    "https://deno.land/std@0.177.1/node/internal_binding/task_queue.ts": "37d293009d1718205bf28e878e54a9f1ca24c1c320cee2416c20dc054104c6ea",
    "https://deno.land/std@0.177.1/node/internal_binding/tcp_wrap.ts": "d298d855e862fc9a5c94e13ad982fde99f6d8a56620a4772681b7226f5a15c91",
    "https://deno.land/std@0.177.1/node/internal_binding/timers.ts": "37d293009d1718205bf28e878e54a9f1ca24c1c320cee2416c20dc054104c6ea",
    "https://deno.land/std@0.177.1/node/internal_binding/tls_wrap.ts": "37d293009d1718205bf28e878e54a9f1ca24c1c320cee2416c20dc054104c6ea",
    "https://deno.land/std@0.177.1/node/internal_binding/trace_events.ts": "37d293009d1718205bf28e878e54a9f1ca24c1c320cee2416c20dc054104c6ea",
    "https://deno.land/std@0.177.1/node/internal_binding/tty_wrap.ts": "37d293009d1718205bf28e878e54a9f1ca24c1c320cee2416c20dc054104c6ea",
    "https://deno.land/std@0.177.1/node/internal_binding/types.ts": "2187595a58d2cf0134f4db6cc2a12bf777f452f52b15b6c3aed73fa072aa5fc3",
    "https://deno.land/std@0.177.1/node/internal_binding/udp_wrap.ts": "b77d7024aef1282b9fe6e1f6c8064ab8a7b9ecbae0bc08a36f2b30dcbb1d2752",
    "https://deno.land/std@0.177.1/node/internal_binding/url.ts": "37d293009d1718205bf28e878e54a9f1ca24c1c320cee2416c20dc054104c6ea",
    "https://deno.land/std@0.177.1/node/internal_binding/util.ts": "808ff3b92740284184ab824adfc420e75398c88c8bccf5111f0c24ac18c48f10",
    "https://deno.land/std@0.177.1/node/internal_binding/uv.ts": "eb0048e30af4db407fb3f95563e30d70efd6187051c033713b0a5b768593a3a3",
    "https://deno.land/std@0.177.1/node/internal_binding/v8.ts": "37d293009d1718205bf28e878e54a9f1ca24c1c320cee2416c20dc054104c6ea",
    "https://deno.land/std@0.177.1/node/internal_binding/worker.ts": "37d293009d1718205bf28e878e54a9f1ca24c1c320cee2416c20dc054104c6ea",
    "https://deno.land/std@0.177.1/node/internal_binding/zlib.ts": "37d293009d1718205bf28e878e54a9f1ca24c1c320cee2416c20dc054104c6ea",
    "https://deno.land/std@0.177.1/node/process.ts": "6608012d6d51a17a7346f36079c574b9b9f81f1b5c35436489ad089f39757466",
    "https://deno.land/std@0.177.1/node/stream.ts": "09e348302af40dcc7dc58aa5e40fdff868d11d8d6b0cfb85cbb9c75b9fe450c7",
    "https://deno.land/std@0.177.1/node/string_decoder.ts": "1a17e3572037c512cc5fc4b29076613e90f225474362d18da908cb7e5ccb7e88",
    "https://deno.land/std@0.177.1/path/_constants.ts": "e49961f6f4f48039c0dfed3c3f93e963ca3d92791c9d478ac5b43183413136e0",
    "https://deno.land/std@0.177.1/path/_interface.ts": "6471159dfbbc357e03882c2266d21ef9afdb1e4aa771b0545e90db58a0ba314b",
    "https://deno.land/std@0.177.1/path/_util.ts": "d7abb1e0dea065f427b89156e28cdeb32b045870acdf865833ba808a73b576d0",
    "https://deno.land/std@0.177.1/path/common.ts": "ee7505ab01fd22de3963b64e46cff31f40de34f9f8de1fff6a1bd2fe79380000",
    "https://deno.land/std@0.177.1/path/glob.ts": "d479e0a695621c94d3fd7fe7abd4f9499caf32a8de13f25073451c6ef420a4e1",
    "https://deno.land/std@0.177.1/path/mod.ts": "4b83694ac500d7d31b0cdafc927080a53dc0c3027eb2895790fb155082b0d232",
    "https://deno.land/std@0.177.1/path/posix.ts": "8b7c67ac338714b30c816079303d0285dd24af6b284f7ad63da5b27372a2c94d",
    "https://deno.land/std@0.177.1/path/separator.ts": "0fb679739d0d1d7bf45b68dacfb4ec7563597a902edbaf3c59b50d5bcadd93b1",
    "https://deno.land/std@0.177.1/path/win32.ts": "d186344e5583bcbf8b18af416d13d82b35a317116e6460a5a3953508c3de5bba",
    "https://deno.land/std@0.177.1/streams/write_all.ts": "3b2e1ce44913f966348ce353d02fa5369e94115181037cd8b602510853ec3033",
    "https://esm.sh/@noble/hashes@1.4.0/deno/_assert.mjs": "7695fe9689e3799e477b2e5bf8408a142bbfdf7d714d13214f5a5c82e84251e3",
    "https://esm.sh/@noble/hashes@1.4.0/deno/_md.mjs": "1a4204591ee5255fba4e7c20a38156a522d448111cfb7713558c5266ecc5b3f2",
    "https://esm.sh/@noble/hashes@1.4.0/deno/crypto.mjs": "fe23c9fadbbbdc205707e045b292d697448c1527874a9654850cb414aaa24d97",
    "https://esm.sh/@noble/hashes@1.4.0/deno/esm/_u64.mjs": "18344d8b668ee8a0476824e59a9c3f8dfe26cadf0afe61b8cf54258c6954f802",
    "https://esm.sh/@noble/hashes@1.4.0/deno/sha1.mjs": "4bf62771774905b16ae7b9041b720bb44bfa0e3bcb5dffc11606990400958e20",
    "https://esm.sh/@noble/hashes@1.4.0/deno/sha2.mjs": "ce06ebde3c093875221c2fe2c58510cc1add678028d82534eae6a04b1750cde0",
    "https://esm.sh/@noble/hashes@1.4.0/deno/sha256.mjs": "ed8ff11f4c722e50d18c13c7d8695a8927ba45e905af6fa2bd98ae3b0dc926a8",
    "https://esm.sh/@noble/hashes@1.4.0/deno/sha512.mjs": "c34b328d958a1afcb0e28d3a7def6b322cd81eb66fae6671c626d7e58e3a87e6",
    "https://esm.sh/@noble/hashes@1.4.0/deno/utils.mjs": "e77ff6103db0b16440296b74be9a7ab12c96b0572b6fe0a60b8ae92f5b6e9c1b",
    "https://esm.sh/@noble/hashes@1.4.0/denonext/_assert.mjs": "7695fe9689e3799e477b2e5bf8408a142bbfdf7d714d13214f5a5c82e84251e3",
    "https://esm.sh/@noble/hashes@1.4.0/denonext/_md.mjs": "1a4204591ee5255fba4e7c20a38156a522d448111cfb7713558c5266ecc5b3f2",
    "https://esm.sh/@noble/hashes@1.4.0/denonext/crypto.mjs": "fe23c9fadbbbdc205707e045b292d697448c1527874a9654850cb414aaa24d97",
    "https://esm.sh/@noble/hashes@1.4.0/denonext/esm/_u64.mjs": "18344d8b668ee8a0476824e59a9c3f8dfe26cadf0afe61b8cf54258c6954f802",
    "https://esm.sh/@noble/hashes@1.4.0/denonext/sha1.mjs": "4bf62771774905b16ae7b9041b720bb44bfa0e3bcb5dffc11606990400958e20",
    "https://esm.sh/@noble/hashes@1.4.0/denonext/sha2.mjs": "ce06ebde3c093875221c2fe2c58510cc1add678028d82534eae6a04b1750cde0",
    "https://esm.sh/@noble/hashes@1.4.0/denonext/sha256.mjs": "ed8ff11f4c722e50d18c13c7d8695a8927ba45e905af6fa2bd98ae3b0dc926a8",
    "https://esm.sh/@noble/hashes@1.4.0/denonext/sha512.mjs": "c34b328d958a1afcb0e28d3a7def6b322cd81eb66fae6671c626d7e58e3a87e6",
    "https://esm.sh/@noble/hashes@1.4.0/denonext/utils.mjs": "e77ff6103db0b16440296b74be9a7ab12c96b0572b6fe0a60b8ae92f5b6e9c1b",
    "https://esm.sh/asn1js@3.0.10/deno/asn1js.mjs": "bb75e1a9e3d9292f7cafae6aa8f7a30cd95ecf27c85743d30040ec5c9720e366",
    "https://esm.sh/asn1js@3.0.10/denonext/asn1js.mjs": "704fcc8160a09a70848fb38a3e6d488eb5dcb52ba2523dc1e87ac3233eeeb0ae",
    "https://esm.sh/asn1js@3.0.10?target=deno": "6b52d7d56205495024391537871b6eb1ec3567a8c52aac1261bcfeab0591660a",
    "https://esm.sh/asn1js@3.0.10?target=denonext": "e1a8852eec8106f2b1990db3407279c9bf010187cedb49181a328ff33c771a60",
    "https://esm.sh/bytestreamjs@2.0.1/deno/bytestreamjs.mjs": "e923691158a20b20a418b9118bf3210e27e16ffcc83697a58c3746ec0ee9b3e0",
    "https://esm.sh/bytestreamjs@2.0.1/denonext/bytestreamjs.mjs": "e923691158a20b20a418b9118bf3210e27e16ffcc83697a58c3746ec0ee9b3e0",
    "https://esm.sh/bytestreamjs@2.0.1?target=deno": "52b8192dabc6dce51c26ff50c0553c0777cad13ab4e3d50c883763bf438a73bd",
    "https://esm.sh/bytestreamjs@2.0.1?target=denonext": "b47d21b211d0efc0a15ea0b2c19bc1c2022cb88ecc5c2b930f11b85a598b4dd0",
    "https://esm.sh/cbor@10.0.12/denonext/cbor.mjs": "9f564c29a06de43092eab3343cf3be5779768b18727fbf66f4c273c12bdb8ffe",
    "https://esm.sh/cbor@10.0.12?target=denonext": "4e910162abfe3ea37a8acefdefb9da21e23e9335c055c5735c0d5d1cdd5782a3",
    "https://esm.sh/node-app-attest@1.0.1/denonext/node-app-attest.mjs": "d988f907e71334147f739f9d5157eb05d0051e64e325113500af178a7f7bcf22",
    "https://esm.sh/node-app-attest@1.0.1?target=denonext": "edf700923e61576739e78e29cccc8e438d3e31e05bbe5cb86a4e0ca70d778975",
    "https://esm.sh/nofilter@3.1.0/denonext/nofilter.mjs": "63f9a57c8c528f59b92466289ebde803553889bbf92e14cbf3803ce5f43983f2",
    "https://esm.sh/nofilter@3.1.0?target=denonext": "b8e2c4643383c851617608ea342056452779366f77268190484433c7615bc5a7",
    "https://esm.sh/pkijs@3.4.0/deno/pkijs.mjs": "f8a2872e55f3cd9df13b4928f78d23c1950f677fbce2782ac2bca979fe7ea6ee",
    "https://esm.sh/pkijs@3.4.0/denonext/pkijs.mjs": "dffe4f20df29bb141fb05f1356ec055b0a250c57fc87fcdf10f4af6db17768e2",
    "https://esm.sh/pkijs@3.4.0?target=deno": "3ca850d56f286e4dc9471a44cd19c79be64ae706ed97936b9f2727fb76efb58d",
    "https://esm.sh/pkijs@3.4.0?target=denonext": "208e17c600ecb15ed8238718f46eda8528f162a9e5b30d7ea6805f0e681d45a6",
    "https://esm.sh/pvtsutils@1.3.6/deno/pvtsutils.mjs": "c9a67d9e844f66c85f329dc6c30af933ae9d9b3eef171e0ac3aa6307e095b027",
    "https://esm.sh/pvtsutils@1.3.6/denonext/pvtsutils.mjs": "38dbdeadb6676f5faa6ac030fc64c71de83cce812d8b872f72475193df208af4",
    "https://esm.sh/pvtsutils@1.3.6?target=deno": "0c31dbc59e03818257023b1795a016db8ae840961e08f68ff3db96d95066bfb4",
    "https://esm.sh/pvtsutils@1.3.6?target=denonext": "fdcba495af48e623201b2c22462971e114fb98c8bdabb5c396f5c8176bd4eddc",
    "https://esm.sh/pvutils@1.2.0/deno/pvutils.mjs": "3639e7b8580aaa35ba60d670aa6d75c0be1fd07a716080c45454bb0f77b13083",
    "https://esm.sh/pvutils@1.2.0/denonext/pvutils.mjs": "3639e7b8580aaa35ba60d670aa6d75c0be1fd07a716080c45454bb0f77b13083",
    "https://esm.sh/pvutils@1.2.0?target=deno": "0d6a76b61ef8f07065cf67e5fde09498a092ad89a39a8adca30f93ad910813ff",
    "https://esm.sh/pvutils@1.2.0?target=denonext": "b9cc29605dd525901efb9d8385e3088a4d4cb79c146c9fe4cdd88993d6f1b661"
  },
  "workspace": {
    "dependencies": [
      "jsr:@std/assert@1.0.19",
      "npm:@supabase/supabase-js@2.112.2",
      "npm:asn1js@3.0.10",
      "npm:cbor@10.0.12",
      "npm:postgres@3.4.9"
    ]
  }
}
