// !$*UTF8*$!
{
	archiveVersion = 1;
	classes = {
	};
	objectVersion = 77;
	objects = {

/* Begin PBXBuildFile section */
		1F1E059933150A061C760DD6 /* HealthCompApp.swift in Sources */ = {isa = PBXBuildFile; fileRef = 4D01015283BC66E2ECA9609D /* HealthCompApp.swift */; };
		34375EA0795DBFCC09E7D120 /* Supabase in Frameworks */ = {isa = PBXBuildFile; productRef = 765098240911111A6F629AE3 /* Supabase */; };
		646F6136A343E955403BD427 /* Secrets.swift in Sources */ = {isa = PBXBuildFile; fileRef = 34A5923143DFA055544421F5 /* Secrets.swift */; };
		75D39A881B6BCE6ACD99671C /* ComposableArchitecture in Frameworks */ = {isa = PBXBuildFile; productRef = C19E50C9B46A4490A6CFAAEE /* ComposableArchitecture */; };
/* End PBXBuildFile section */

/* Begin PBXContainerItemProxy section */
		497C4270DB38F73CE420C25F /* PBXContainerItemProxy */ = {
			isa = PBXContainerItemProxy;
			containerPortal = 6F8A6AF82470DA913821CC35 /* Project object */;
			proxyType = 1;
			remoteGlobalIDString = B080D531BAF0BC23F1A02EF7;
			remoteInfo = HealthComp;
		};
/* End PBXContainerItemProxy section */

/* Begin PBXFileReference section */
		1D4D0A6902647274F72B003C /* HealthComp.entitlements */ = {isa = PBXFileReference; lastKnownFileType = text.plist.entitlements; path = HealthComp.entitlements; sourceTree = "<group>"; };
		34A5923143DFA055544421F5 /* Secrets.swift */ = {isa = PBXFileReference; lastKnownFileType = sourcecode.swift; path = Secrets.swift; sourceTree = "<group>"; };
		4D01015283BC66E2ECA9609D /* HealthCompApp.swift */ = {isa = PBXFileReference; lastKnownFileType = sourcecode.swift; path = HealthCompApp.swift; sourceTree = "<group>"; };
		C169E842F9AAD480353D38DD /* HealthComp.app */ = {isa = PBXFileReference; includeInIndex = 0; lastKnownFileType = wrapper.application; path = HealthComp.app; sourceTree = BUILT_PRODUCTS_DIR; };
		F81AE20C21E083ABAC279310 /* HealthCompTests.xctest */ = {isa = PBXFileReference; includeInIndex = 0; lastKnownFileType = wrapper.cfbundle; path = HealthCompTests.xctest; sourceTree = BUILT_PRODUCTS_DIR; };
/* End PBXFileReference section */

/* Begin PBXFrameworksBuildPhase section */
		6F299EAC6301BB1870E1FA41 /* Frameworks */ = {
			isa = PBXFrameworksBuildPhase;
			buildActionMask = 2147483647;
			files = (
				75D39A881B6BCE6ACD99671C /* ComposableArchitecture in Frameworks */,
				34375EA0795DBFCC09E7D120 /* Supabase in Frameworks */,
			);
			runOnlyForDeploymentPostprocessing = 0;
		};
/* End PBXFrameworksBuildPhase section */

/* Begin PBXGroup section */
		0D475C1FCAB464F26AE279B5 /* Features */ = {
			isa = PBXGroup;
			children = (
			);
			path = Features;
			sourceTree = "<group>";
		};
		1F20F7610CE2BD04006BCF7A = {
			isa = PBXGroup;
			children = (
				60CBD17CD7BBFD3BC9FB34F4 /* HealthComp */,
				6E41142DDDABF7B3BBBB7231 /* HealthCompTests */,
				1FDF3C8CE481CE41AFE93EF1 /* Products */,
			);
			sourceTree = "<group>";
		};
		1FDF3C8CE481CE41AFE93EF1 /* Products */ = {
			isa = PBXGroup;
			children = (
				C169E842F9AAD480353D38DD /* HealthComp.app */,
				F81AE20C21E083ABAC279310 /* HealthCompTests.xctest */,
			);
			name = Products;
			sourceTree = "<group>";
		};
		25BCE1EEC45C4C6E1176F008 /* App */ = {
			isa = PBXGroup;
			children = (
				4D01015283BC66E2ECA9609D /* HealthCompApp.swift */,
			);
			path = App;
			sourceTree = "<group>";
		};
		5A9FDB2F3CE9D48E9D0B1AF2 /* Config */ = {
			isa = PBXGroup;
			children = (
				34A5923143DFA055544421F5 /* Secrets.swift */,
			);
			path = Config;
			sourceTree = "<group>";
		};
		60CBD17CD7BBFD3BC9FB34F4 /* HealthComp */ = {
			isa = PBXGroup;
			children = (
				25BCE1EEC45C4C6E1176F008 /* App */,
				5A9FDB2F3CE9D48E9D0B1AF2 /* Config */,
				0D475C1FCAB464F26AE279B5 /* Features */,
				D3AFFFCE59B8D2086F7B9A8C /* Resources */,
			);
			path = HealthComp;
			sourceTree = "<group>";
		};
		6E41142DDDABF7B3BBBB7231 /* HealthCompTests */ = {
			isa = PBXGroup;
			children = (
			);
			path = HealthCompTests;
			sourceTree = "<group>";
		};
		D3AFFFCE59B8D2086F7B9A8C /* Resources */ = {
			isa = PBXGroup;
			children = (
				1D4D0A6902647274F72B003C /* HealthComp.entitlements */,
			);
			path = Resources;
			sourceTree = "<group>";
		};
/* End PBXGroup section */

/* Begin PBXNativeTarget section */
		2BBEE518756FBCE194988772 /* HealthCompTests */ = {
			isa = PBXNativeTarget;
			buildConfigurationList = 1E542DF51E54A7039E55C004 /* Build configuration list for PBXNativeTarget "HealthCompTests" */;
			buildPhases = (
				F2A3E3D42712F5DF822CF30D /* Sources */,
			);
			buildRules = (
			);
			dependencies = (
				84498F98752B7F040931C9E5 /* PBXTargetDependency */,
			);
			name = HealthCompTests;
			packageProductDependencies = (
			);
			productName = HealthCompTests;
			productReference = F81AE20C21E083ABAC279310 /* HealthCompTests.xctest */;
			productType = "com.apple.product-type.bundle.unit-test";
		};
		B080D531BAF0BC23F1A02EF7 /* HealthComp */ = {
			isa = PBXNativeTarget;
			buildConfigurationList = B7B1486E7BC6C43CC6001970 /* Build configuration list for PBXNativeTarget "HealthComp" */;
			buildPhases = (
				ECD3F23534923981541E90E8 /* Sources */,
				6F299EAC6301BB1870E1FA41 /* Frameworks */,
			);
			buildRules = (
			);
			dependencies = (
			);
			name = HealthComp;
			packageProductDependencies = (
				C19E50C9B46A4490A6CFAAEE /* ComposableArchitecture */,
				765098240911111A6F629AE3 /* Supabase */,
			);
			productName = HealthComp;
			productReference = C169E842F9AAD480353D38DD /* HealthComp.app */;
			productType = "com.apple.product-type.application";
		};
/* End PBXNativeTarget section */

/* Begin PBXProject section */
		6F8A6AF82470DA913821CC35 /* Project object */ = {
			isa = PBXProject;
			attributes = {
				BuildIndependentTargetsInParallel = YES;
				LastUpgradeCheck = 1600;
			};
			buildConfigurationList = 29BF8AADEFFE8DEDAE2AC2AF /* Build configuration list for PBXProject "HealthComp" */;
			compatibilityVersion = "Xcode 14.0";
			developmentRegion = en;
			hasScannedForEncodings = 0;
			knownRegions = (
				Base,
				en,
			);
			mainGroup = 1F20F7610CE2BD04006BCF7A;
			minimizedProjectReferenceProxies = 1;
			packageReferences = (
				E447A5458A1BF1E4EAE6EE7D /* XCRemoteSwiftPackageReference "swift-composable-architecture" */,
				EEF499805781B01BF3CC48F7 /* XCRemoteSwiftPackageReference "supabase-swift" */,
			);
			preferredProjectObjectVersion = 77;
			projectDirPath = "";
			projectRoot = "";
			targets = (
				B080D531BAF0BC23F1A02EF7 /* HealthComp */,
				2BBEE518756FBCE194988772 /* HealthCompTests */,
			);
		};
/* End PBXProject section */

/* Begin PBXSourcesBuildPhase section */
		ECD3F23534923981541E90E8 /* Sources */ = {
			isa = PBXSourcesBuildPhase;
			buildActionMask = 2147483647;
			files = (
				1F1E059933150A061C760DD6 /* HealthCompApp.swift in Sources */,
				646F6136A343E955403BD427 /* Secrets.swift in Sources */,
			);
			runOnlyForDeploymentPostprocessing = 0;
		};
		F2A3E3D42712F5DF822CF30D /* Sources */ = {
			isa = PBXSourcesBuildPhase;
			buildActionMask = 2147483647;
			files = (
			);
			runOnlyForDeploymentPostprocessing = 0;
		};
/* End PBXSourcesBuildPhase section */

/* Begin PBXTargetDependency section */
		84498F98752B7F040931C9E5 /* PBXTargetDependency */ = {
			isa = PBXTargetDependency;
			target = B080D531BAF0BC23F1A02EF7 /* HealthComp */;
			targetProxy = 497C4270DB38F73CE420C25F /* PBXContainerItemProxy */;
		};
/* End PBXTargetDependency section */

/* Begin XCBuildConfiguration section */
		2C4AEBF1A88A7082079BE834 /* Debug */ = {
			isa = XCBuildConfiguration;
			buildSettings = {
				ASSETCATALOG_COMPILER_APPICON_NAME = AppIcon;
				CODE_SIGN_ENTITLEMENTS = HealthComp/Resources/HealthComp.entitlements;
				CODE_SIGN_IDENTITY = "iPhone Developer";
				INFOPLIST_KEY_NSHealthShareUsageDescription = "HealthComp reads your activity data to score competitions with friends.";
				INFOPLIST_KEY_NSHealthUpdateUsageDescription = "HealthComp does not write health data.";
				INFOPLIST_KEY_UIApplicationSceneManifest_Generation = YES;
				INFOPLIST_KEY_UIApplicationSupportsIndirectInputEvents = YES;
				INFOPLIST_KEY_UILaunchScreen_Generation = YES;
				INFOPLIST_KEY_UISupportedInterfaceOrientations = UIInterfaceOrientationPortrait;
				LD_RUNPATH_SEARCH_PATHS = (
					"$(inherited)",
					"@executable_path/Frameworks",
				);
				PRODUCT_BUNDLE_IDENTIFIER = com.narenyenuganti.HealthComp;
				SDKROOT = iphoneos;
				SWIFT_VERSION = 5.9;
				TARGETED_DEVICE_FAMILY = "1,2";
			};
			name = Debug;
		};
		702F58129DE03E54C4F611EA /* Release */ = {
			isa = XCBuildConfiguration;
			buildSettings = {
				BUNDLE_LOADER = "$(TEST_HOST)";
				LD_RUNPATH_SEARCH_PATHS = (
					"$(inherited)",
					"@executable_path/Frameworks",
					"@loader_path/Frameworks",
				);
				PRODUCT_BUNDLE_IDENTIFIER = com.narenyenuganti.HealthCompTests;
				SDKROOT = iphoneos;
				SWIFT_VERSION = 5.9;
				TARGETED_DEVICE_FAMILY = "1,2";
				TEST_HOST = "$(BUILT_PRODUCTS_DIR)/HealthComp.app/HealthComp";
			};
			name = Release;
		};
		9ACD9AD6B4809E0A513B5B33 /* Release */ = {
			isa = XCBuildConfiguration;
			buildSettings = {
				ALWAYS_SEARCH_USER_PATHS = NO;
				CLANG_ANALYZER_NONNULL = YES;
				CLANG_ANALYZER_NUMBER_OBJECT_CONVERSION = YES_AGGRESSIVE;
				CLANG_CXX_LANGUAGE_STANDARD = "gnu++14";
				CLANG_CXX_LIBRARY = "libc++";
				CLANG_ENABLE_MODULES = YES;
				CLANG_ENABLE_OBJC_ARC = YES;
				CLANG_ENABLE_OBJC_WEAK = YES;
				CLANG_WARN_BLOCK_CAPTURE_AUTORELEASING = YES;
				CLANG_WARN_BOOL_CONVERSION = YES;
				CLANG_WARN_COMMA = YES;
				CLANG_WARN_CONSTANT_CONVERSION = YES;
				CLANG_WARN_DEPRECATED_OBJC_IMPLEMENTATIONS = YES;
				CLANG_WARN_DIRECT_OBJC_ISA_USAGE = YES_ERROR;
				CLANG_WARN_DOCUMENTATION_COMMENTS = YES;
				CLANG_WARN_EMPTY_BODY = YES;
				CLANG_WARN_ENUM_CONVERSION = YES;
				CLANG_WARN_INFINITE_RECURSION = YES;
				CLANG_WARN_INT_CONVERSION = YES;
				CLANG_WARN_NON_LITERAL_NULL_CONVERSION = YES;
				CLANG_WARN_OBJC_IMPLICIT_RETAIN_SELF = YES;
				CLANG_WARN_OBJC_LITERAL_CONVERSION = YES;
				CLANG_WARN_OBJC_ROOT_CLASS = YES_ERROR;
				CLANG_WARN_QUOTED_INCLUDE_IN_FRAMEWORK_HEADER = YES;
				CLANG_WARN_RANGE_LOOP_ANALYSIS = YES;
				CLANG_WARN_STRICT_PROTOTYPES = YES;
				CLANG_WARN_SUSPICIOUS_MOVE = YES;
				CLANG_WARN_UNGUARDED_AVAILABILITY = YES_AGGRESSIVE;
				CLANG_WARN_UNREACHABLE_CODE = YES;
				CLANG_WARN__DUPLICATE_METHOD_MATCH = YES;
				COPY_PHASE_STRIP = NO;
				DEBUG_INFORMATION_FORMAT = "dwarf-with-dsym";
				ENABLE_NS_ASSERTIONS = NO;
				ENABLE_STRICT_OBJC_MSGSEND = YES;
				GCC_C_LANGUAGE_STANDARD = gnu11;
				GCC_NO_COMMON_BLOCKS = YES;
				GCC_WARN_64_TO_32_BIT_CONVERSION = YES;
				GCC_WARN_ABOUT_RETURN_TYPE = YES_ERROR;
				GCC_WARN_UNDECLARED_SELECTOR = YES;
				GCC_WARN_UNINITIALIZED_AUTOS = YES_AGGRESSIVE;
				GCC_WARN_UNUSED_FUNCTION = YES;
				GCC_WARN_UNUSED_VARIABLE = YES;
				IPHONEOS_DEPLOYMENT_TARGET = 17.0;
				MTL_ENABLE_DEBUG_INFO = NO;
				MTL_FAST_MATH = YES;
				PRODUCT_NAME = "$(TARGET_NAME)";
				SDKROOT = iphoneos;
				SWIFT_COMPILATION_MODE = wholemodule;
				SWIFT_OPTIMIZATION_LEVEL = "-O";
				SWIFT_VERSION = 5.0;
			};
			name = Release;
		};
		AE61E2B2A54B7508E591590A /* Debug */ = {
			isa = XCBuildConfiguration;
			buildSettings = {
				ALWAYS_SEARCH_USER_PATHS = NO;
				CLANG_ANALYZER_NONNULL = YES;
				CLANG_ANALYZER_NUMBER_OBJECT_CONVERSION = YES_AGGRESSIVE;
				CLANG_CXX_LANGUAGE_STANDARD = "gnu++14";
				CLANG_CXX_LIBRARY = "libc++";
				CLANG_ENABLE_MODULES = YES;
				CLANG_ENABLE_OBJC_ARC = YES;
				CLANG_ENABLE_OBJC_WEAK = YES;
				CLANG_WARN_BLOCK_CAPTURE_AUTORELEASING = YES;
				CLANG_WARN_BOOL_CONVERSION = YES;
				CLANG_WARN_COMMA = YES;
				CLANG_WARN_CONSTANT_CONVERSION = YES;
				CLANG_WARN_DEPRECATED_OBJC_IMPLEMENTATIONS = YES;
				CLANG_WARN_DIRECT_OBJC_ISA_USAGE = YES_ERROR;
				CLANG_WARN_DOCUMENTATION_COMMENTS = YES;
				CLANG_WARN_EMPTY_BODY = YES;
				CLANG_WARN_ENUM_CONVERSION = YES;
				CLANG_WARN_INFINITE_RECURSION = YES;
				CLANG_WARN_INT_CONVERSION = YES;
				CLANG_WARN_NON_LITERAL_NULL_CONVERSION = YES;
				CLANG_WARN_OBJC_IMPLICIT_RETAIN_SELF = YES;
				CLANG_WARN_OBJC_LITERAL_CONVERSION = YES;
				CLANG_WARN_OBJC_ROOT_CLASS = YES_ERROR;
				CLANG_WARN_QUOTED_INCLUDE_IN_FRAMEWORK_HEADER = YES;
				CLANG_WARN_RANGE_LOOP_ANALYSIS = YES;
				CLANG_WARN_STRICT_PROTOTYPES = YES;
				CLANG_WARN_SUSPICIOUS_MOVE = YES;
				CLANG_WARN_UNGUARDED_AVAILABILITY = YES_AGGRESSIVE;
				CLANG_WARN_UNREACHABLE_CODE = YES;
				CLANG_WARN__DUPLICATE_METHOD_MATCH = YES;
				COPY_PHASE_STRIP = NO;
				DEBUG_INFORMATION_FORMAT = dwarf;
				ENABLE_STRICT_OBJC_MSGSEND = YES;
				ENABLE_TESTABILITY = YES;
				GCC_C_LANGUAGE_STANDARD = gnu11;
				GCC_DYNAMIC_NO_PIC = NO;
				GCC_NO_COMMON_BLOCKS = YES;
				GCC_OPTIMIZATION_LEVEL = 0;
				GCC_PREPROCESSOR_DEFINITIONS = (
					"$(inherited)",
					"DEBUG=1",
				);
				GCC_WARN_64_TO_32_BIT_CONVERSION = YES;
				GCC_WARN_ABOUT_RETURN_TYPE = YES_ERROR;
				GCC_WARN_UNDECLARED_SELECTOR = YES;
				GCC_WARN_UNINITIALIZED_AUTOS = YES_AGGRESSIVE;
				GCC_WARN_UNUSED_FUNCTION = YES;
				GCC_WARN_UNUSED_VARIABLE = YES;
				IPHONEOS_DEPLOYMENT_TARGET = 17.0;
				MTL_ENABLE_DEBUG_INFO = INCLUDE_SOURCE;
				MTL_FAST_MATH = YES;
				ONLY_ACTIVE_ARCH = YES;
				PRODUCT_NAME = "$(TARGET_NAME)";
				SDKROOT = iphoneos;
				SWIFT_ACTIVE_COMPILATION_CONDITIONS = DEBUG;
				SWIFT_OPTIMIZATION_LEVEL = "-Onone";
				SWIFT_VERSION = 5.0;
			};
			name = Debug;
		};
		C8A9CBB953B823809AED9646 /* Debug */ = {
			isa = XCBuildConfiguration;
			buildSettings = {
				BUNDLE_LOADER = "$(TEST_HOST)";
				LD_RUNPATH_SEARCH_PATHS = (
					"$(inherited)",
					"@executable_path/Frameworks",
					"@loader_path/Frameworks",
				);
				PRODUCT_BUNDLE_IDENTIFIER = com.narenyenuganti.HealthCompTests;
				SDKROOT = iphoneos;
				SWIFT_VERSION = 5.9;
				TARGETED_DEVICE_FAMILY = "1,2";
				TEST_HOST = "$(BUILT_PRODUCTS_DIR)/HealthComp.app/HealthComp";
			};
			name = Debug;
		};
		DA07BF8D19C87085FA9ED89C /* Release */ = {
			isa = XCBuildConfiguration;
			buildSettings = {
				ASSETCATALOG_COMPILER_APPICON_NAME = AppIcon;
				CODE_SIGN_ENTITLEMENTS = HealthComp/Resources/HealthComp.entitlements;
				CODE_SIGN_IDENTITY = "iPhone Developer";
				INFOPLIST_KEY_NSHealthShareUsageDescription = "HealthComp reads your activity data to score competitions with friends.";
				INFOPLIST_KEY_NSHealthUpdateUsageDescription = "HealthComp does not write health data.";
				INFOPLIST_KEY_UIApplicationSceneManifest_Generation = YES;
				INFOPLIST_KEY_UIApplicationSupportsIndirectInputEvents = YES;
				INFOPLIST_KEY_UILaunchScreen_Generation = YES;
				INFOPLIST_KEY_UISupportedInterfaceOrientations = UIInterfaceOrientationPortrait;
				LD_RUNPATH_SEARCH_PATHS = (
					"$(inherited)",
					"@executable_path/Frameworks",
				);
				PRODUCT_BUNDLE_IDENTIFIER = com.narenyenuganti.HealthComp;
				SDKROOT = iphoneos;
				SWIFT_VERSION = 5.9;
				TARGETED_DEVICE_FAMILY = "1,2";
			};
			name = Release;
		};
/* End XCBuildConfiguration section */

/* Begin XCConfigurationList section */
		1E542DF51E54A7039E55C004 /* Build configuration list for PBXNativeTarget "HealthCompTests" */ = {
			isa = XCConfigurationList;
			buildConfigurations = (
				C8A9CBB953B823809AED9646 /* Debug */,
				702F58129DE03E54C4F611EA /* Release */,
			);
			defaultConfigurationIsVisible = 0;
			defaultConfigurationName = Debug;
		};
		29BF8AADEFFE8DEDAE2AC2AF /* Build configuration list for PBXProject "HealthComp" */ = {
			isa = XCConfigurationList;
			buildConfigurations = (
				AE61E2B2A54B7508E591590A /* Debug */,
				9ACD9AD6B4809E0A513B5B33 /* Release */,
			);
			defaultConfigurationIsVisible = 0;
			defaultConfigurationName = Debug;
		};
		B7B1486E7BC6C43CC6001970 /* Build configuration list for PBXNativeTarget "HealthComp" */ = {
			isa = XCConfigurationList;
			buildConfigurations = (
				2C4AEBF1A88A7082079BE834 /* Debug */,
				DA07BF8D19C87085FA9ED89C /* Release */,
			);
			defaultConfigurationIsVisible = 0;
			defaultConfigurationName = Debug;
		};
/* End XCConfigurationList section */

/* Begin XCRemoteSwiftPackageReference section */
		E447A5458A1BF1E4EAE6EE7D /* XCRemoteSwiftPackageReference "swift-composable-architecture" */ = {
			isa = XCRemoteSwiftPackageReference;
			repositoryURL = "https://github.com/pointfreeco/swift-composable-architecture";
			requirement = {
				kind = upToNextMajorVersion;
				minimumVersion = 1.17.0;
			};
		};
		EEF499805781B01BF3CC48F7 /* XCRemoteSwiftPackageReference "supabase-swift" */ = {
			isa = XCRemoteSwiftPackageReference;
			repositoryURL = "https://github.com/supabase/supabase-swift";
			requirement = {
				kind = upToNextMajorVersion;
				minimumVersion = 2.0.0;
			};
		};
/* End XCRemoteSwiftPackageReference section */

/* Begin XCSwiftPackageProductDependency section */
		765098240911111A6F629AE3 /* Supabase */ = {
			isa = XCSwiftPackageProductDependency;
			package = EEF499805781B01BF3CC48F7 /* XCRemoteSwiftPackageReference "supabase-swift" */;
			productName = Supabase;
		};
		C19E50C9B46A4490A6CFAAEE /* ComposableArchitecture */ = {
			isa = XCSwiftPackageProductDependency;
			package = E447A5458A1BF1E4EAE6EE7D /* XCRemoteSwiftPackageReference "swift-composable-architecture" */;
			productName = ComposableArchitecture;
		};
/* End XCSwiftPackageProductDependency section */
	};
	rootObject = 6F8A6AF82470DA913821CC35 /* Project object */;
}
