// !$*UTF8*$!
{
	archiveVersion = 1;
	classes = {
	};
	objectVersion = 77;
	objects = {

/* Begin PBXBuildFile section */
		026BC27D8A89262270E78565 /* HealthMetricTests.swift in Sources */ = {isa = PBXBuildFile; fileRef = 09FF3C40395A80635C205A3A /* HealthMetricTests.swift */; };
		1E677D5B9D0BBC6F7A873642 /* HealthDataProvider.swift in Sources */ = {isa = PBXBuildFile; fileRef = DC8F09779188D9A1FE1C4BF7 /* HealthDataProvider.swift */; };
		1F1E059933150A061C760DD6 /* HealthCompApp.swift in Sources */ = {isa = PBXBuildFile; fileRef = 4D01015283BC66E2ECA9609D /* HealthCompApp.swift */; };
		27E47B5E68C28C7499A58D39 /* User.swift in Sources */ = {isa = PBXBuildFile; fileRef = 88A907F391D88210DA76D5BE /* User.swift */; };
		2FB5D882D2DDE3EDDAEA88F0 /* OnboardingFeatureTests.swift in Sources */ = {isa = PBXBuildFile; fileRef = 27DC1FD2CA6CF3568223F17A /* OnboardingFeatureTests.swift */; };
		34375EA0795DBFCC09E7D120 /* Supabase in Frameworks */ = {isa = PBXBuildFile; productRef = 765098240911111A6F629AE3 /* Supabase */; };
		38E3876A419311BBE9BB03CD /* AuthView.swift in Sources */ = {isa = PBXBuildFile; fileRef = 2C354371C37EF4C38C7654EC /* AuthView.swift */; };
		3E9AFCB2C2C40C2F0662D72E /* MainTabView.swift in Sources */ = {isa = PBXBuildFile; fileRef = 8DE98F9A6E165CAF241964EA /* MainTabView.swift */; };
		4876547B798FDFBA4EEFDE75 /* HealthKitProvider.swift in Sources */ = {isa = PBXBuildFile; fileRef = 4E1EFEB41E5D4ADC7484F272 /* HealthKitProvider.swift */; };
		62FB1CDB78DEE949DD50833E /* SupabaseService.swift in Sources */ = {isa = PBXBuildFile; fileRef = 4FAB0D437C5192232ECB516C /* SupabaseService.swift */; };
		646F6136A343E955403BD427 /* Secrets.swift in Sources */ = {isa = PBXBuildFile; fileRef = 34A5923143DFA055544421F5 /* Secrets.swift */; };
		68146909378E552F35D6697F /* HealthMetric.swift in Sources */ = {isa = PBXBuildFile; fileRef = 5EA3F1951C080758224B44E2 /* HealthMetric.swift */; };
		68E7EF63C482B3C302F04EBD /* MainTabFeature.swift in Sources */ = {isa = PBXBuildFile; fileRef = C1D8B3EF060D8C52F2299C95 /* MainTabFeature.swift */; };
		6C1A40BDCB937639BA172A26 /* ProfileClient.swift in Sources */ = {isa = PBXBuildFile; fileRef = 1BB02E662408B41CEDDCEA66 /* ProfileClient.swift */; };
		73F853265BC75C365CD2BB2B /* MainTabFeatureTests.swift in Sources */ = {isa = PBXBuildFile; fileRef = C3DFF07C8F1DAF91F666CE2C /* MainTabFeatureTests.swift */; };
		75D39A881B6BCE6ACD99671C /* ComposableArchitecture in Frameworks */ = {isa = PBXBuildFile; productRef = C19E50C9B46A4490A6CFAAEE /* ComposableArchitecture */; };
		79790AD6AC415A28379343B6 /* OnboardingFeature.swift in Sources */ = {isa = PBXBuildFile; fileRef = 8BA82316352389B8CC56F1EE /* OnboardingFeature.swift */; };
		98103B98B315CF1D6121EF4B /* AppFeatureTests.swift in Sources */ = {isa = PBXBuildFile; fileRef = A27031C9D6844A658A3C19CE /* AppFeatureTests.swift */; };
		A39001B8E8145707D693D215 /* AppFeature.swift in Sources */ = {isa = PBXBuildFile; fileRef = EC90AB3B1EDF7C788EF0A48F /* AppFeature.swift */; };
		A78F387E9D4960F45BE80CFC /* UserTests.swift in Sources */ = {isa = PBXBuildFile; fileRef = 21E3B30775F10AEB23D0AB73 /* UserTests.swift */; };
		B20EE4719A220107DFC472EA /* OnboardingView.swift in Sources */ = {isa = PBXBuildFile; fileRef = 409E8BC595F04524A1654693 /* OnboardingView.swift */; };
		B29FF2F0455C354D914ED698 /* HealthKitProviderTests.swift in Sources */ = {isa = PBXBuildFile; fileRef = CF7DE04D723EFB17C6B0F55E /* HealthKitProviderTests.swift */; };
		C54701A98B898044996270F7 /* AuthFeatureTests.swift in Sources */ = {isa = PBXBuildFile; fileRef = 6DDFB7F7664B7E4DF4A8155D /* AuthFeatureTests.swift */; };
		D78CD7062992AB79AC42BC9F /* AuthClient.swift in Sources */ = {isa = PBXBuildFile; fileRef = CCA8D457DBB22C462F9D5398 /* AuthClient.swift */; };
		F10EA0DA20BBFF2513C25DCF /* AuthFeature.swift in Sources */ = {isa = PBXBuildFile; fileRef = 2294A1E5A75ACA21BAC53567 /* AuthFeature.swift */; };
/* End PBXBuildFile section */

/* Begin PBXContainerItemProxy section */
		497C4270DB38F73CE420C25F /* PBXContainerItemProxy */ = {
			isa = PBXContainerItemProxy;
			containerPortal = 6F8A6AF82470DA913821CC35 /* Project object */;
			proxyType = 1;
			remoteGlobalIDString = B080D531BAF0BC23F1A02EF7;
			remoteInfo = HealthComp;
		};
/* End PBXContainerItemProxy section */

/* Begin PBXFileReference section */
		09FF3C40395A80635C205A3A /* HealthMetricTests.swift */ = {isa = PBXFileReference; lastKnownFileType = sourcecode.swift; path = HealthMetricTests.swift; sourceTree = "<group>"; };
		1BB02E662408B41CEDDCEA66 /* ProfileClient.swift */ = {isa = PBXFileReference; lastKnownFileType = sourcecode.swift; path = ProfileClient.swift; sourceTree = "<group>"; };
		1D4D0A6902647274F72B003C /* HealthComp.entitlements */ = {isa = PBXFileReference; lastKnownFileType = text.plist.entitlements; path = HealthComp.entitlements; sourceTree = "<group>"; };
		21E3B30775F10AEB23D0AB73 /* UserTests.swift */ = {isa = PBXFileReference; lastKnownFileType = sourcecode.swift; path = UserTests.swift; sourceTree = "<group>"; };
		2294A1E5A75ACA21BAC53567 /* AuthFeature.swift */ = {isa = PBXFileReference; lastKnownFileType = sourcecode.swift; path = AuthFeature.swift; sourceTree = "<group>"; };
		27DC1FD2CA6CF3568223F17A /* OnboardingFeatureTests.swift */ = {isa = PBXFileReference; lastKnownFileType = sourcecode.swift; path = OnboardingFeatureTests.swift; sourceTree = "<group>"; };
		2C354371C37EF4C38C7654EC /* AuthView.swift */ = {isa = PBXFileReference; lastKnownFileType = sourcecode.swift; path = AuthView.swift; sourceTree = "<group>"; };
		34A5923143DFA055544421F5 /* Secrets.swift */ = {isa = PBXFileReference; lastKnownFileType = sourcecode.swift; path = Secrets.swift; sourceTree = "<group>"; };
		409E8BC595F04524A1654693 /* OnboardingView.swift */ = {isa = PBXFileReference; lastKnownFileType = sourcecode.swift; path = OnboardingView.swift; sourceTree = "<group>"; };
		4D01015283BC66E2ECA9609D /* HealthCompApp.swift */ = {isa = PBXFileReference; lastKnownFileType = sourcecode.swift; path = HealthCompApp.swift; sourceTree = "<group>"; };
		4E1EFEB41E5D4ADC7484F272 /* HealthKitProvider.swift */ = {isa = PBXFileReference; lastKnownFileType = sourcecode.swift; path = HealthKitProvider.swift; sourceTree = "<group>"; };
		4FAB0D437C5192232ECB516C /* SupabaseService.swift */ = {isa = PBXFileReference; lastKnownFileType = sourcecode.swift; path = SupabaseService.swift; sourceTree = "<group>"; };
		5EA3F1951C080758224B44E2 /* HealthMetric.swift */ = {isa = PBXFileReference; lastKnownFileType = sourcecode.swift; path = HealthMetric.swift; sourceTree = "<group>"; };
		6DDFB7F7664B7E4DF4A8155D /* AuthFeatureTests.swift */ = {isa = PBXFileReference; lastKnownFileType = sourcecode.swift; path = AuthFeatureTests.swift; sourceTree = "<group>"; };
		88A907F391D88210DA76D5BE /* User.swift */ = {isa = PBXFileReference; lastKnownFileType = sourcecode.swift; path = User.swift; sourceTree = "<group>"; };
		8BA82316352389B8CC56F1EE /* OnboardingFeature.swift */ = {isa = PBXFileReference; lastKnownFileType = sourcecode.swift; path = OnboardingFeature.swift; sourceTree = "<group>"; };
		8DE98F9A6E165CAF241964EA /* MainTabView.swift */ = {isa = PBXFileReference; lastKnownFileType = sourcecode.swift; path = MainTabView.swift; sourceTree = "<group>"; };
		A27031C9D6844A658A3C19CE /* AppFeatureTests.swift */ = {isa = PBXFileReference; lastKnownFileType = sourcecode.swift; path = AppFeatureTests.swift; sourceTree = "<group>"; };
		C169E842F9AAD480353D38DD /* HealthComp.app */ = {isa = PBXFileReference; includeInIndex = 0; lastKnownFileType = wrapper.application; path = HealthComp.app; sourceTree = BUILT_PRODUCTS_DIR; };
		C1D8B3EF060D8C52F2299C95 /* MainTabFeature.swift */ = {isa = PBXFileReference; lastKnownFileType = sourcecode.swift; path = MainTabFeature.swift; sourceTree = "<group>"; };
		C3DFF07C8F1DAF91F666CE2C /* MainTabFeatureTests.swift */ = {isa = PBXFileReference; lastKnownFileType = sourcecode.swift; path = MainTabFeatureTests.swift; sourceTree = "<group>"; };
		CCA8D457DBB22C462F9D5398 /* AuthClient.swift */ = {isa = PBXFileReference; lastKnownFileType = sourcecode.swift; path = AuthClient.swift; sourceTree = "<group>"; };
		CF7DE04D723EFB17C6B0F55E /* HealthKitProviderTests.swift */ = {isa = PBXFileReference; lastKnownFileType = sourcecode.swift; path = HealthKitProviderTests.swift; sourceTree = "<group>"; };
		DC8F09779188D9A1FE1C4BF7 /* HealthDataProvider.swift */ = {isa = PBXFileReference; lastKnownFileType = sourcecode.swift; path = HealthDataProvider.swift; sourceTree = "<group>"; };
		EC90AB3B1EDF7C788EF0A48F /* AppFeature.swift */ = {isa = PBXFileReference; lastKnownFileType = sourcecode.swift; path = AppFeature.swift; sourceTree = "<group>"; };
		F81AE20C21E083ABAC279310 /* HealthCompTests.xctest */ = {isa = PBXFileReference; includeInIndex = 0; lastKnownFileType = wrapper.cfbundle; path = HealthCompTests.xctest; sourceTree = BUILT_PRODUCTS_DIR; };
/* End PBXFileReference section */

/* Begin PBXFrameworksBuildPhase section */
		6F299EAC6301BB1870E1FA41 /* Frameworks */ = {
			isa = PBXFrameworksBuildPhase;
			buildActionMask = 2147483647;
			files = (
				75D39A881B6BCE6ACD99671C /* ComposableArchitecture in Frameworks */,
				34375EA0795DBFCC09E7D120 /* Supabase in Frameworks */,
			);
			runOnlyForDeploymentPostprocessing = 0;
		};
/* End PBXFrameworksBuildPhase section */

/* Begin PBXGroup section */
		0D475C1FCAB464F26AE279B5 /* Features */ = {
			isa = PBXGroup;
			children = (
				ACCE50DB6B7939405D6C015C /* Auth */,
				79B1C92EAAAD58985E8BD91F /* MainTab */,
				8E7FAD157199BF21D286BC20 /* Onboarding */,
			);
			path = Features;
			sourceTree = "<group>";
		};
		1F20F7610CE2BD04006BCF7A = {
			isa = PBXGroup;
			children = (
				60CBD17CD7BBFD3BC9FB34F4 /* HealthComp */,
				6E41142DDDABF7B3BBBB7231 /* HealthCompTests */,
				1FDF3C8CE481CE41AFE93EF1 /* Products */,
			);
			sourceTree = "<group>";
		};
		1FDF3C8CE481CE41AFE93EF1 /* Products */ = {
			isa = PBXGroup;
			children = (
				C169E842F9AAD480353D38DD /* HealthComp.app */,
				F81AE20C21E083ABAC279310 /* HealthCompTests.xctest */,
			);
			name = Products;
			sourceTree = "<group>";
		};
		25BCE1EEC45C4C6E1176F008 /* App */ = {
			isa = PBXGroup;
			children = (
				EC90AB3B1EDF7C788EF0A48F /* AppFeature.swift */,
				4D01015283BC66E2ECA9609D /* HealthCompApp.swift */,
			);
			path = App;
			sourceTree = "<group>";
		};
		29B00DE592B70298ECE97410 /* Services */ = {
			isa = PBXGroup;
			children = (
				DC8F09779188D9A1FE1C4BF7 /* HealthDataProvider.swift */,
				4E1EFEB41E5D4ADC7484F272 /* HealthKitProvider.swift */,
				4FAB0D437C5192232ECB516C /* SupabaseService.swift */,
			);
			path = Services;
			sourceTree = "<group>";
		};
		5A9FDB2F3CE9D48E9D0B1AF2 /* Config */ = {
			isa = PBXGroup;
			children = (
				34A5923143DFA055544421F5 /* Secrets.swift */,
			);
			path = Config;
			sourceTree = "<group>";
		};
		60CBD17CD7BBFD3BC9FB34F4 /* HealthComp */ = {
			isa = PBXGroup;
			children = (
				25BCE1EEC45C4C6E1176F008 /* App */,
				5A9FDB2F3CE9D48E9D0B1AF2 /* Config */,
				0D475C1FCAB464F26AE279B5 /* Features */,
				F72CC3DA997C1AFF9DDA2F03 /* Models */,
				D3AFFFCE59B8D2086F7B9A8C /* Resources */,
				29B00DE592B70298ECE97410 /* Services */,
			);
			path = HealthComp;
			sourceTree = "<group>";
		};
		6E41142DDDABF7B3BBBB7231 /* HealthCompTests */ = {
			isa = PBXGroup;
			children = (
				A27031C9D6844A658A3C19CE /* AppFeatureTests.swift */,
				6DDFB7F7664B7E4DF4A8155D /* AuthFeatureTests.swift */,
				CF7DE04D723EFB17C6B0F55E /* HealthKitProviderTests.swift */,
				09FF3C40395A80635C205A3A /* HealthMetricTests.swift */,
				C3DFF07C8F1DAF91F666CE2C /* MainTabFeatureTests.swift */,
				27DC1FD2CA6CF3568223F17A /* OnboardingFeatureTests.swift */,
				21E3B30775F10AEB23D0AB73 /* UserTests.swift */,
			);
			path = HealthCompTests;
			sourceTree = "<group>";
		};
		79B1C92EAAAD58985E8BD91F /* MainTab */ = {
			isa = PBXGroup;
			children = (
				C1D8B3EF060D8C52F2299C95 /* MainTabFeature.swift */,
				8DE98F9A6E165CAF241964EA /* MainTabView.swift */,
			);
			path = MainTab;
			sourceTree = "<group>";
		};
		8E7FAD157199BF21D286BC20 /* Onboarding */ = {
			isa = PBXGroup;
			children = (
				8BA82316352389B8CC56F1EE /* OnboardingFeature.swift */,
				409E8BC595F04524A1654693 /* OnboardingView.swift */,
				1BB02E662408B41CEDDCEA66 /* ProfileClient.swift */,
			);
			path = Onboarding;
			sourceTree = "<group>";
		};
		ACCE50DB6B7939405D6C015C /* Auth */ = {
			isa = PBXGroup;
			children = (
				CCA8D457DBB22C462F9D5398 /* AuthClient.swift */,
				2294A1E5A75ACA21BAC53567 /* AuthFeature.swift */,
				2C354371C37EF4C38C7654EC /* AuthView.swift */,
			);
			path = Auth;
			sourceTree = "<group>";
		};
		D3AFFFCE59B8D2086F7B9A8C /* Resources */ = {
			isa = PBXGroup;
			children = (
				1D4D0A6902647274F72B003C /* HealthComp.entitlements */,
			);
			path = Resources;
			sourceTree = "<group>";
		};
		F72CC3DA997C1AFF9DDA2F03 /* Models */ = {
			isa = PBXGroup;
			children = (
				5EA3F1951C080758224B44E2 /* HealthMetric.swift */,
				88A907F391D88210DA76D5BE /* User.swift */,
			);
			path = Models;
			sourceTree = "<group>";
		};
/* End PBXGroup section */

/* Begin PBXNativeTarget section */
		2BBEE518756FBCE194988772 /* HealthCompTests */ = {
			isa = PBXNativeTarget;
			buildConfigurationList = 1E542DF51E54A7039E55C004 /* Build configuration list for PBXNativeTarget "HealthCompTests" */;
			buildPhases = (
				F2A3E3D42712F5DF822CF30D /* Sources */,
			);
			buildRules = (
			);
			dependencies = (
				84498F98752B7F040931C9E5 /* PBXTargetDependency */,
			);
			name = HealthCompTests;
			packageProductDependencies = (
			);
			productName = HealthCompTests;
			productReference = F81AE20C21E083ABAC279310 /* HealthCompTests.xctest */;
			productType = "com.apple.product-type.bundle.unit-test";
		};
		B080D531BAF0BC23F1A02EF7 /* HealthComp */ = {
			isa = PBXNativeTarget;
			buildConfigurationList = B7B1486E7BC6C43CC6001970 /* Build configuration list for PBXNativeTarget "HealthComp" */;
			buildPhases = (
				ECD3F23534923981541E90E8 /* Sources */,
				6F299EAC6301BB1870E1FA41 /* Frameworks */,
			);
			buildRules = (
			);
			dependencies = (
			);
			name = HealthComp;
			packageProductDependencies = (
				C19E50C9B46A4490A6CFAAEE /* ComposableArchitecture */,
				765098240911111A6F629AE3 /* Supabase */,
			);
			productName = HealthComp;
			productReference = C169E842F9AAD480353D38DD /* HealthComp.app */;
			productType = "com.apple.product-type.application";
		};
/* End PBXNativeTarget section */

/* Begin PBXProject section */
		6F8A6AF82470DA913821CC35 /* Project object */ = {
			isa = PBXProject;
			attributes = {
				BuildIndependentTargetsInParallel = YES;
				LastUpgradeCheck = 1600;
			};
			buildConfigurationList = 29BF8AADEFFE8DEDAE2AC2AF /* Build configuration list for PBXProject "HealthComp" */;
			compatibilityVersion = "Xcode 14.0";
			developmentRegion = en;
			hasScannedForEncodings = 0;
			knownRegions = (
				Base,
				en,
			);
			mainGroup = 1F20F7610CE2BD04006BCF7A;
			minimizedProjectReferenceProxies = 1;
			packageReferences = (
				E447A5458A1BF1E4EAE6EE7D /* XCRemoteSwiftPackageReference "swift-composable-architecture" */,
				EEF499805781B01BF3CC48F7 /* XCRemoteSwiftPackageReference "supabase-swift" */,
			);
			preferredProjectObjectVersion = 77;
			projectDirPath = "";
			projectRoot = "";
			targets = (
				B080D531BAF0BC23F1A02EF7 /* HealthComp */,
				2BBEE518756FBCE194988772 /* HealthCompTests */,
			);
		};
/* End PBXProject section */

/* Begin PBXSourcesBuildPhase section */
		ECD3F23534923981541E90E8 /* Sources */ = {
			isa = PBXSourcesBuildPhase;
			buildActionMask = 2147483647;
			files = (
				A39001B8E8145707D693D215 /* AppFeature.swift in Sources */,
				D78CD7062992AB79AC42BC9F /* AuthClient.swift in Sources */,
				F10EA0DA20BBFF2513C25DCF /* AuthFeature.swift in Sources */,
				38E3876A419311BBE9BB03CD /* AuthView.swift in Sources */,
				1F1E059933150A061C760DD6 /* HealthCompApp.swift in Sources */,
				1E677D5B9D0BBC6F7A873642 /* HealthDataProvider.swift in Sources */,
				4876547B798FDFBA4EEFDE75 /* HealthKitProvider.swift in Sources */,
				68146909378E552F35D6697F /* HealthMetric.swift in Sources */,
				68E7EF63C482B3C302F04EBD /* MainTabFeature.swift in Sources */,
				3E9AFCB2C2C40C2F0662D72E /* MainTabView.swift in Sources */,
				79790AD6AC415A28379343B6 /* OnboardingFeature.swift in Sources */,
				B20EE4719A220107DFC472EA /* OnboardingView.swift in Sources */,
				6C1A40BDCB937639BA172A26 /* ProfileClient.swift in Sources */,
				646F6136A343E955403BD427 /* Secrets.swift in Sources */,
				62FB1CDB78DEE949DD50833E /* SupabaseService.swift in Sources */,
				27E47B5E68C28C7499A58D39 /* User.swift in Sources */,
			);
			runOnlyForDeploymentPostprocessing = 0;
		};
		F2A3E3D42712F5DF822CF30D /* Sources */ = {
			isa = PBXSourcesBuildPhase;
			buildActionMask = 2147483647;
			files = (
				98103B98B315CF1D6121EF4B /* AppFeatureTests.swift in Sources */,
				C54701A98B898044996270F7 /* AuthFeatureTests.swift in Sources */,
				B29FF2F0455C354D914ED698 /* HealthKitProviderTests.swift in Sources */,
				026BC27D8A89262270E78565 /* HealthMetricTests.swift in Sources */,
				73F853265BC75C365CD2BB2B /* MainTabFeatureTests.swift in Sources */,
				2FB5D882D2DDE3EDDAEA88F0 /* OnboardingFeatureTests.swift in Sources */,
				A78F387E9D4960F45BE80CFC /* UserTests.swift in Sources */,
			);
			runOnlyForDeploymentPostprocessing = 0;
		};
/* End PBXSourcesBuildPhase section */

/* Begin PBXTargetDependency section */
		84498F98752B7F040931C9E5 /* PBXTargetDependency */ = {
			isa = PBXTargetDependency;
			target = B080D531BAF0BC23F1A02EF7 /* HealthComp */;
			targetProxy = 497C4270DB38F73CE420C25F /* PBXContainerItemProxy */;
		};
/* End PBXTargetDependency section */

/* Begin XCBuildConfiguration section */
		2C4AEBF1A88A7082079BE834 /* Debug */ = {
			isa = XCBuildConfiguration;
			buildSettings = {
				ASSETCATALOG_COMPILER_APPICON_NAME = AppIcon;
				CODE_SIGN_ENTITLEMENTS = HealthComp/Resources/HealthComp.entitlements;
				CODE_SIGN_IDENTITY = "iPhone Developer";
				GENERATE_INFOPLIST_FILE = YES;
				INFOPLIST_KEY_NSHealthShareUsageDescription = "HealthComp reads your activity data to score competitions with friends.";
				INFOPLIST_KEY_NSHealthUpdateUsageDescription = "HealthComp does not write health data.";
				INFOPLIST_KEY_UIApplicationSceneManifest_Generation = YES;
				INFOPLIST_KEY_UIApplicationSupportsIndirectInputEvents = YES;
				INFOPLIST_KEY_UILaunchScreen_Generation = YES;
				INFOPLIST_KEY_UISupportedInterfaceOrientations = UIInterfaceOrientationPortrait;
				LD_RUNPATH_SEARCH_PATHS = (
					"$(inherited)",
					"@executable_path/Frameworks",
				);
				PRODUCT_BUNDLE_IDENTIFIER = com.narenyenuganti.HealthComp;
				SDKROOT = iphoneos;
				SWIFT_VERSION = 5.9;
				TARGETED_DEVICE_FAMILY = "1,2";
			};
			name = Debug;
		};
		702F58129DE03E54C4F611EA /* Release */ = {
			isa = XCBuildConfiguration;
			buildSettings = {
				BUNDLE_LOADER = "$(TEST_HOST)";
				GENERATE_INFOPLIST_FILE = YES;
				LD_RUNPATH_SEARCH_PATHS = (
					"$(inherited)",
					"@executable_path/Frameworks",
					"@loader_path/Frameworks",
				);
				PRODUCT_BUNDLE_IDENTIFIER = com.narenyenuganti.HealthCompTests;
				SDKROOT = iphoneos;
				SWIFT_VERSION = 5.9;
				TARGETED_DEVICE_FAMILY = "1,2";
				TEST_HOST = "$(BUILT_PRODUCTS_DIR)/HealthComp.app/HealthComp";
			};
			name = Release;
		};
		9ACD9AD6B4809E0A513B5B33 /* Release */ = {
			isa = XCBuildConfiguration;
			buildSettings = {
				ALWAYS_SEARCH_USER_PATHS = NO;
				CLANG_ANALYZER_NONNULL = YES;
				CLANG_ANALYZER_NUMBER_OBJECT_CONVERSION = YES_AGGRESSIVE;
				CLANG_CXX_LANGUAGE_STANDARD = "gnu++14";
				CLANG_CXX_LIBRARY = "libc++";
				CLANG_ENABLE_MODULES = YES;
				CLANG_ENABLE_OBJC_ARC = YES;
				CLANG_ENABLE_OBJC_WEAK = YES;
				CLANG_WARN_BLOCK_CAPTURE_AUTORELEASING = YES;
				CLANG_WARN_BOOL_CONVERSION = YES;
				CLANG_WARN_COMMA = YES;
				CLANG_WARN_CONSTANT_CONVERSION = YES;
				CLANG_WARN_DEPRECATED_OBJC_IMPLEMENTATIONS = YES;
				CLANG_WARN_DIRECT_OBJC_ISA_USAGE = YES_ERROR;
				CLANG_WARN_DOCUMENTATION_COMMENTS = YES;
				CLANG_WARN_EMPTY_BODY = YES;
				CLANG_WARN_ENUM_CONVERSION = YES;
				CLANG_WARN_INFINITE_RECURSION = YES;
				CLANG_WARN_INT_CONVERSION = YES;
				CLANG_WARN_NON_LITERAL_NULL_CONVERSION = YES;
				CLANG_WARN_OBJC_IMPLICIT_RETAIN_SELF = YES;
				CLANG_WARN_OBJC_LITERAL_CONVERSION = YES;
				CLANG_WARN_OBJC_ROOT_CLASS = YES_ERROR;
				CLANG_WARN_QUOTED_INCLUDE_IN_FRAMEWORK_HEADER = YES;
				CLANG_WARN_RANGE_LOOP_ANALYSIS = YES;
				CLANG_WARN_STRICT_PROTOTYPES = YES;
				CLANG_WARN_SUSPICIOUS_MOVE = YES;
				CLANG_WARN_UNGUARDED_AVAILABILITY = YES_AGGRESSIVE;
				CLANG_WARN_UNREACHABLE_CODE = YES;
				CLANG_WARN__DUPLICATE_METHOD_MATCH = YES;
				COPY_PHASE_STRIP = NO;
				DEBUG_INFORMATION_FORMAT = "dwarf-with-dsym";
				ENABLE_NS_ASSERTIONS = NO;
				ENABLE_STRICT_OBJC_MSGSEND = YES;
				GCC_C_LANGUAGE_STANDARD = gnu11;
				GCC_NO_COMMON_BLOCKS = YES;
				GCC_WARN_64_TO_32_BIT_CONVERSION = YES;
				GCC_WARN_ABOUT_RETURN_TYPE = YES_ERROR;
				GCC_WARN_UNDECLARED_SELECTOR = YES;
				GCC_WARN_UNINITIALIZED_AUTOS = YES_AGGRESSIVE;
				GCC_WARN_UNUSED_FUNCTION = YES;
				GCC_WARN_UNUSED_VARIABLE = YES;
				IPHONEOS_DEPLOYMENT_TARGET = 17.0;
				MTL_ENABLE_DEBUG_INFO = NO;
				MTL_FAST_MATH = YES;
				PRODUCT_NAME = "$(TARGET_NAME)";
				SDKROOT = iphoneos;
				SWIFT_COMPILATION_MODE = wholemodule;
				SWIFT_OPTIMIZATION_LEVEL = "-O";
				SWIFT_VERSION = 5.0;
			};
			name = Release;
		};
		AE61E2B2A54B7508E591590A /* Debug */ = {
			isa = XCBuildConfiguration;
			buildSettings = {
				ALWAYS_SEARCH_USER_PATHS = NO;
				CLANG_ANALYZER_NONNULL = YES;
				CLANG_ANALYZER_NUMBER_OBJECT_CONVERSION = YES_AGGRESSIVE;
				CLANG_CXX_LANGUAGE_STANDARD = "gnu++14";
				CLANG_CXX_LIBRARY = "libc++";
				CLANG_ENABLE_MODULES = YES;
				CLANG_ENABLE_OBJC_ARC = YES;
				CLANG_ENABLE_OBJC_WEAK = YES;
				CLANG_WARN_BLOCK_CAPTURE_AUTORELEASING = YES;
				CLANG_WARN_BOOL_CONVERSION = YES;
				CLANG_WARN_COMMA = YES;
				CLANG_WARN_CONSTANT_CONVERSION = YES;
				CLANG_WARN_DEPRECATED_OBJC_IMPLEMENTATIONS = YES;
				CLANG_WARN_DIRECT_OBJC_ISA_USAGE = YES_ERROR;
				CLANG_WARN_DOCUMENTATION_COMMENTS = YES;
				CLANG_WARN_EMPTY_BODY = YES;
				CLANG_WARN_ENUM_CONVERSION = YES;
				CLANG_WARN_INFINITE_RECURSION = YES;
				CLANG_WARN_INT_CONVERSION = YES;
				CLANG_WARN_NON_LITERAL_NULL_CONVERSION = YES;
				CLANG_WARN_OBJC_IMPLICIT_RETAIN_SELF = YES;
				CLANG_WARN_OBJC_LITERAL_CONVERSION = YES;
				CLANG_WARN_OBJC_ROOT_CLASS = YES_ERROR;
				CLANG_WARN_QUOTED_INCLUDE_IN_FRAMEWORK_HEADER = YES;
				CLANG_WARN_RANGE_LOOP_ANALYSIS = YES;
				CLANG_WARN_STRICT_PROTOTYPES = YES;
				CLANG_WARN_SUSPICIOUS_MOVE = YES;
				CLANG_WARN_UNGUARDED_AVAILABILITY = YES_AGGRESSIVE;
				CLANG_WARN_UNREACHABLE_CODE = YES;
				CLANG_WARN__DUPLICATE_METHOD_MATCH = YES;
				COPY_PHASE_STRIP = NO;
				DEBUG_INFORMATION_FORMAT = dwarf;
				ENABLE_STRICT_OBJC_MSGSEND = YES;
				ENABLE_TESTABILITY = YES;
				GCC_C_LANGUAGE_STANDARD = gnu11;
				GCC_DYNAMIC_NO_PIC = NO;
				GCC_NO_COMMON_BLOCKS = YES;
				GCC_OPTIMIZATION_LEVEL = 0;
				GCC_PREPROCESSOR_DEFINITIONS = (
					"$(inherited)",
					"DEBUG=1",
				);
				GCC_WARN_64_TO_32_BIT_CONVERSION = YES;
				GCC_WARN_ABOUT_RETURN_TYPE = YES_ERROR;
				GCC_WARN_UNDECLARED_SELECTOR = YES;
				GCC_WARN_UNINITIALIZED_AUTOS = YES_AGGRESSIVE;
				GCC_WARN_UNUSED_FUNCTION = YES;
				GCC_WARN_UNUSED_VARIABLE = YES;
				IPHONEOS_DEPLOYMENT_TARGET = 17.0;
				MTL_ENABLE_DEBUG_INFO = INCLUDE_SOURCE;
				MTL_FAST_MATH = YES;
				ONLY_ACTIVE_ARCH = YES;
				PRODUCT_NAME = "$(TARGET_NAME)";
				SDKROOT = iphoneos;
				SWIFT_ACTIVE_COMPILATION_CONDITIONS = DEBUG;
				SWIFT_OPTIMIZATION_LEVEL = "-Onone";
				SWIFT_VERSION = 5.0;
			};
			name = Debug;
		};
		C8A9CBB953B823809AED9646 /* Debug */ = {
			isa = XCBuildConfiguration;
			buildSettings = {
				BUNDLE_LOADER = "$(TEST_HOST)";
				GENERATE_INFOPLIST_FILE = YES;
				LD_RUNPATH_SEARCH_PATHS = (
					"$(inherited)",
					"@executable_path/Frameworks",
					"@loader_path/Frameworks",
				);
				PRODUCT_BUNDLE_IDENTIFIER = com.narenyenuganti.HealthCompTests;
				SDKROOT = iphoneos;
				SWIFT_VERSION = 5.9;
				TARGETED_DEVICE_FAMILY = "1,2";
				TEST_HOST = "$(BUILT_PRODUCTS_DIR)/HealthComp.app/HealthComp";
			};
			name = Debug;
		};
		DA07BF8D19C87085FA9ED89C /* Release */ = {
			isa = XCBuildConfiguration;
			buildSettings = {
				ASSETCATALOG_COMPILER_APPICON_NAME = AppIcon;
				CODE_SIGN_ENTITLEMENTS = HealthComp/Resources/HealthComp.entitlements;
				CODE_SIGN_IDENTITY = "iPhone Developer";
				GENERATE_INFOPLIST_FILE = YES;
				INFOPLIST_KEY_NSHealthShareUsageDescription = "HealthComp reads your activity data to score competitions with friends.";
				INFOPLIST_KEY_NSHealthUpdateUsageDescription = "HealthComp does not write health data.";
				INFOPLIST_KEY_UIApplicationSceneManifest_Generation = YES;
				INFOPLIST_KEY_UIApplicationSupportsIndirectInputEvents = YES;
				INFOPLIST_KEY_UILaunchScreen_Generation = YES;
				INFOPLIST_KEY_UISupportedInterfaceOrientations = UIInterfaceOrientationPortrait;
				LD_RUNPATH_SEARCH_PATHS = (
					"$(inherited)",
					"@executable_path/Frameworks",
				);
				PRODUCT_BUNDLE_IDENTIFIER = com.narenyenuganti.HealthComp;
				SDKROOT = iphoneos;
				SWIFT_VERSION = 5.9;
				TARGETED_DEVICE_FAMILY = "1,2";
			};
			name = Release;
		};
/* End XCBuildConfiguration section */

/* Begin XCConfigurationList section */
		1E542DF51E54A7039E55C004 /* Build configuration list for PBXNativeTarget "HealthCompTests" */ = {
			isa = XCConfigurationList;
			buildConfigurations = (
				C8A9CBB953B823809AED9646 /* Debug */,
				702F58129DE03E54C4F611EA /* Release */,
			);
			defaultConfigurationIsVisible = 0;
			defaultConfigurationName = Debug;
		};
		29BF8AADEFFE8DEDAE2AC2AF /* Build configuration list for PBXProject "HealthComp" */ = {
			isa = XCConfigurationList;
			buildConfigurations = (
				AE61E2B2A54B7508E591590A /* Debug */,
				9ACD9AD6B4809E0A513B5B33 /* Release */,
			);
			defaultConfigurationIsVisible = 0;
			defaultConfigurationName = Debug;
		};
		B7B1486E7BC6C43CC6001970 /* Build configuration list for PBXNativeTarget "HealthComp" */ = {
			isa = XCConfigurationList;
			buildConfigurations = (
				2C4AEBF1A88A7082079BE834 /* Debug */,
				DA07BF8D19C87085FA9ED89C /* Release */,
			);
			defaultConfigurationIsVisible = 0;
			defaultConfigurationName = Debug;
		};
/* End XCConfigurationList section */

/* Begin XCRemoteSwiftPackageReference section */
		E447A5458A1BF1E4EAE6EE7D /* XCRemoteSwiftPackageReference "swift-composable-architecture" */ = {
			isa = XCRemoteSwiftPackageReference;
			repositoryURL = "https://github.com/pointfreeco/swift-composable-architecture";
			requirement = {
				kind = upToNextMajorVersion;
				minimumVersion = 1.17.0;
			};
		};
		EEF499805781B01BF3CC48F7 /* XCRemoteSwiftPackageReference "supabase-swift" */ = {
			isa = XCRemoteSwiftPackageReference;
			repositoryURL = "https://github.com/supabase/supabase-swift";
			requirement = {
				kind = upToNextMajorVersion;
				minimumVersion = 2.0.0;
			};
		};
/* End XCRemoteSwiftPackageReference section */

/* Begin XCSwiftPackageProductDependency section */
		765098240911111A6F629AE3 /* Supabase */ = {
			isa = XCSwiftPackageProductDependency;
			package = EEF499805781B01BF3CC48F7 /* XCRemoteSwiftPackageReference "supabase-swift" */;
			productName = Supabase;
		};
		C19E50C9B46A4490A6CFAAEE /* ComposableArchitecture */ = {
			isa = XCSwiftPackageProductDependency;
			package = E447A5458A1BF1E4EAE6EE7D /* XCRemoteSwiftPackageReference "swift-composable-architecture" */;
			productName = ComposableArchitecture;
		};
/* End XCSwiftPackageProductDependency section */
	};
	rootObject = 6F8A6AF82470DA913821CC35 /* Project object */;
}
