// !$*UTF8*$!
{
	archiveVersion = 1;
	classes = {
	};
	objectVersion = 77;
	objects = {

/* Begin PBXBuildFile section */
		026BC27D8A89262270E78565 /* HealthMetricTests.swift in Sources */ = {isa = PBXBuildFile; fileRef = 09FF3C40395A80635C205A3A /* HealthMetricTests.swift */; };
		0387B14516F10AD6F7D9631A /* CompetitionRealtimeClientTests.swift in Sources */ = {isa = PBXBuildFile; fileRef = AEEFCAE971C5B24E3802EA8A /* CompetitionRealtimeClientTests.swift */; };
		044015DA32180EF60CF5DC2A /* CompetitionTraceIntegrationTests.swift in Sources */ = {isa = PBXBuildFile; fileRef = AB243F0BB966F7049D05D56C /* CompetitionTraceIntegrationTests.swift */; };
		07B51177CD4962804CDB26F1 /* AuthenticationClient.swift in Sources */ = {isa = PBXBuildFile; fileRef = 9B9BDFDDD2E2FDAB7931BA09 /* AuthenticationClient.swift */; };
		093DC7E7B8D1993E54AF5D8F /* CompetitionClient.swift in Sources */ = {isa = PBXBuildFile; fileRef = 6627DB76B896A69CA64FB159 /* CompetitionClient.swift */; };
		0BD7D8160ECD9E9F9DF4C5EC /* CompetitionNotificationClient.swift in Sources */ = {isa = PBXBuildFile; fileRef = BCFF8829F7432D248978C4F1 /* CompetitionNotificationClient.swift */; };
		0BF4596D63CCDE7A8B41F7D7 /* CompetitionFeature.swift in Sources */ = {isa = PBXBuildFile; fileRef = 8E8BC3205F9F874134CE71BC /* CompetitionFeature.swift */; };
		0D1B5C5884BFF187FB627DC0 /* DeviceCheckAppAttestClient.swift in Sources */ = {isa = PBXBuildFile; fileRef = C4D8E971E96397AB14D983D3 /* DeviceCheckAppAttestClient.swift */; };
		0D7E2224EB53F47629BDB312 /* late-watch-sync.json in Resources */ = {isa = PBXBuildFile; fileRef = 0B62BF4147CD724EB04CECC6 /* late-watch-sync.json */; };
		0FC85F9BC7725A7452690C81 /* ActivityRingsView.swift in Sources */ = {isa = PBXBuildFile; fileRef = 9B370A537E958C39D00549FA /* ActivityRingsView.swift */; };
		0FF8C7A7EE486C0C12635490 /* CompetitionCore in Frameworks */ = {isa = PBXBuildFile; productRef = 72D0E717AD59302E2D046DE9 /* CompetitionCore */; };
		10877D47E948C78A37F0C748 /* ClaimCompetitionView.swift in Sources */ = {isa = PBXBuildFile; fileRef = 225974742689A63371700688 /* ClaimCompetitionView.swift */; };
		12640A6EFC6346166F8015CF /* CompetitionRoutingTests.swift in Sources */ = {isa = PBXBuildFile; fileRef = E8D842D51C03C651E67B1405 /* CompetitionRoutingTests.swift */; };
		12DBB0EB4D5140F60483A82E /* AuthenticatedProfileStorage.swift in Sources */ = {isa = PBXBuildFile; fileRef = CD89B1AAB2A4AC2FD5A8C159 /* AuthenticatedProfileStorage.swift */; };
		153576F1521F99A0DB91C2A8 /* remote-best-available-incomplete.json in Resources */ = {isa = PBXBuildFile; fileRef = 707D0C11F6133D4611BF36D7 /* remote-best-available-incomplete.json */; };
		165F2A28D30436DC42532FEE /* AppAttestConfigurationTests.swift in Sources */ = {isa = PBXBuildFile; fileRef = 8EDFD1E45E20A6E1653DC561 /* AppAttestConfigurationTests.swift */; };
		1E677D5B9D0BBC6F7A873642 /* HealthDataProvider.swift in Sources */ = {isa = PBXBuildFile; fileRef = DC8F09779188D9A1FE1C4BF7 /* HealthDataProvider.swift */; };
		1F1E059933150A061C760DD6 /* HealthCompApp.swift in Sources */ = {isa = PBXBuildFile; fileRef = 4D01015283BC66E2ECA9609D /* HealthCompApp.swift */; };
		22078218974E42A03AB0BB92 /* LocalCompetitionClient.swift in Sources */ = {isa = PBXBuildFile; fileRef = 620B41081DED3A911320E1F0 /* LocalCompetitionClient.swift */; };
		225DA345431BFB3F6665C1F1 /* RemoteCompetitionClient.swift in Sources */ = {isa = PBXBuildFile; fileRef = B9A7D5544146DA84C8A71125 /* RemoteCompetitionClient.swift */; };
		25CD41BFE9C5F75B7C20F205 /* CompetitionPresentationTests.swift in Sources */ = {isa = PBXBuildFile; fileRef = 461F8BCB14AE6E70D8BB4DBE /* CompetitionPresentationTests.swift */; };
		2A4985CFC850253C62CAB4A6 /* CreateCompetitionView.swift in Sources */ = {isa = PBXBuildFile; fileRef = 3B8AD06B40107213226257FA /* CreateCompetitionView.swift */; };
		2C65CC3FE6B88DE464937C63 /* CompetitionRealtimeClient.swift in Sources */ = {isa = PBXBuildFile; fileRef = 08AF91992EAFD7DD2DD29C21 /* CompetitionRealtimeClient.swift */; };
		2C8D65A4CCDE772479738364 /* JSONCompetitionEventStore.swift in Sources */ = {isa = PBXBuildFile; fileRef = 44597F797F2AC9BA7029B1DF /* JSONCompetitionEventStore.swift */; };
		306D88343452CE12051ED31D /* CompetitionTestLabView.swift in Sources */ = {isa = PBXBuildFile; fileRef = 3BE3EF97EDDB31A7DA80B856 /* CompetitionTestLabView.swift */; };
		326B43DCD5E31D60D7D8ECC5 /* JSONCompetitionEventStoreTests.swift in Sources */ = {isa = PBXBuildFile; fileRef = FD0C12E55F3C163C315598D5 /* JSONCompetitionEventStoreTests.swift */; };
		34375EA0795DBFCC09E7D120 /* ComposableArchitecture in Frameworks */ = {isa = PBXBuildFile; productRef = C19E50C9B46A4490A6CFAAEE /* ComposableArchitecture */; };
		3CC601AC4956AFE4E678AC28 /* AccountFeatureTests.swift in Sources */ = {isa = PBXBuildFile; fileRef = 511292C66B804FC74970BB4B /* AccountFeatureTests.swift */; };
		3D7EA73CDC827C2224DFF76F /* CompetitionNotificationPreferences.swift in Sources */ = {isa = PBXBuildFile; fileRef = 78CD3641AF9961D0DE49E710 /* CompetitionNotificationPreferences.swift */; };
		3E9AFCB2C2C40C2F0662D72E /* MainTabView.swift in Sources */ = {isa = PBXBuildFile; fileRef = 8DE98F9A6E165CAF241964EA /* MainTabView.swift */; };
		3EF61DC4B5E1D8F171C71930 /* CompetitionNotificationModels.swift in Sources */ = {isa = PBXBuildFile; fileRef = 429BFB72B91624812F8A02B6 /* CompetitionNotificationModels.swift */; };
		40513CB901AC87FFF3A78ADB /* SupabaseConfiguration.swift in Sources */ = {isa = PBXBuildFile; fileRef = BAD2EA144469EBA09645C0C8 /* SupabaseConfiguration.swift */; };
		41CF9795CB853B8522FC9BC6 /* CompetitionResultView.swift in Sources */ = {isa = PBXBuildFile; fileRef = FCDBD0348C760C1907099902 /* CompetitionResultView.swift */; };
		4876547B798FDFBA4EEFDE75 /* HealthKitProvider.swift in Sources */ = {isa = PBXBuildFile; fileRef = 4E1EFEB41E5D4ADC7484F272 /* HealthKitProvider.swift */; };
		4998D06AD6158262F8B8B73B /* RemoteCompetitionFeatureTests.swift in Sources */ = {isa = PBXBuildFile; fileRef = 119AA0F1200F5722F1BC1092 /* RemoteCompetitionFeatureTests.swift */; };
		4CBF0F250A7D5C9B2514334C /* RemoteCompetitionClientTests.swift in Sources */ = {isa = PBXBuildFile; fileRef = 3FF5C908611B78276100C84F /* RemoteCompetitionClientTests.swift */; };
		4F742A61BC1FC2D9F11BCD74 /* AuthenticationClientTests.swift in Sources */ = {isa = PBXBuildFile; fileRef = 8574B621514C0849EFD32084 /* AuthenticationClientTests.swift */; };
		510A05F868BEFC10DAAF9862 /* HealthCompAppDelegate.swift in Sources */ = {isa = PBXBuildFile; fileRef = 6619D758FF31EC86B6996330 /* HealthCompAppDelegate.swift */; };
		51664C1A7AF7BCBA221C519A /* CompetitionNotificationPreferencesTests.swift in Sources */ = {isa = PBXBuildFile; fileRef = 185D226E47FB94EBF23B7B6F /* CompetitionNotificationPreferencesTests.swift */; };
		51EC8DDC48A29F9C45FDE1A3 /* MultiUserCompetitionUITests.swift in Sources */ = {isa = PBXBuildFile; fileRef = 72D97B24F7398742C8358DD9 /* MultiUserCompetitionUITests.swift */; };
		52926C8187B0B300B1871D18 /* remote-stable-tie.json in Resources */ = {isa = PBXBuildFile; fileRef = 491111F52C594F7DF05E48C4 /* remote-stable-tie.json */; };
		5DDCDC3DA51E4EA5BD74374C /* LocalCompetitionClientTests.swift in Sources */ = {isa = PBXBuildFile; fileRef = E38A46C1086F6393DC0FA12A /* LocalCompetitionClientTests.swift */; };
		5DE7A5CF81E44A3B575C571A /* CompetitionSyncModels.swift in Sources */ = {isa = PBXBuildFile; fileRef = B74EA43D24EEE51BE2DDEDAB /* CompetitionSyncModels.swift */; };
		5F0736352CDB182DF626EC7C /* remote-stable-win.json in Resources */ = {isa = PBXBuildFile; fileRef = DF2EB15D15A1AFC4A22883D0 /* remote-stable-win.json */; };
		6130C4E53FA5F34F75A83996 /* LocalCompetitionRuntimeTests.swift in Sources */ = {isa = PBXBuildFile; fileRef = 1D93500BA9AA5B7AF63C71F7 /* LocalCompetitionRuntimeTests.swift */; };
		6149987E19B2247AFDA3396D /* CompetitionSyncModelsTests.swift in Sources */ = {isa = PBXBuildFile; fileRef = 3D3A86214F2EA7EB552733D5 /* CompetitionSyncModelsTests.swift */; };
		617C5F24C583E12019770400 /* CompetitionNotificationClientTests.swift in Sources */ = {isa = PBXBuildFile; fileRef = 35062161F195329954CCC954 /* CompetitionNotificationClientTests.swift */; };
		633C2CCC1EFC5F2546E47402 /* RemoteCompetitionRuntime.swift in Sources */ = {isa = PBXBuildFile; fileRef = C552868F11DF18D3E8FB90CE /* RemoteCompetitionRuntime.swift */; };
		63626B6583F3AA09DED4C760 /* Supabase in Frameworks */ = {isa = PBXBuildFile; productRef = 765098240911111A6F629AE3 /* Supabase */; };
		664893A2DD239F6897D6B582 /* CompetitionDetailView.swift in Sources */ = {isa = PBXBuildFile; fileRef = 45B4CB5326E660812EDE995E /* CompetitionDetailView.swift */; };
		68146909378E552F35D6697F /* HealthMetric.swift in Sources */ = {isa = PBXBuildFile; fileRef = 5EA3F1951C080758224B44E2 /* HealthMetric.swift */; };
		6889DEEA038530AC44D1DD99 /* FixtureActivitySourceTests.swift in Sources */ = {isa = PBXBuildFile; fileRef = 2CC1985FE34C77217A5DAAD0 /* FixtureActivitySourceTests.swift */; };
		68E7EF63C482B3C302F04EBD /* MainTabFeature.swift in Sources */ = {isa = PBXBuildFile; fileRef = C1D8B3EF060D8C52F2299C95 /* MainTabFeature.swift */; };
		6951A0E1D90273340663259F /* SupabaseCompetitionRemoteAPI.swift in Sources */ = {isa = PBXBuildFile; fileRef = C80D29D0BD360D57164DC524 /* SupabaseCompetitionRemoteAPI.swift */; };
		6AA830F2E1D0E6DE5CC84D62 /* AccountView.swift in Sources */ = {isa = PBXBuildFile; fileRef = EF9D8272E5FD39A82970617A /* AccountView.swift */; };
		6BCDDCD3FC475AEA4415087D /* CompetitionRemoteAPI.swift in Sources */ = {isa = PBXBuildFile; fileRef = F5293E4F02146184E21401B1 /* CompetitionRemoteAPI.swift */; };
		73F853265BC75C365CD2BB2B /* MainTabFeatureTests.swift in Sources */ = {isa = PBXBuildFile; fileRef = C3DFF07C8F1DAF91F666CE2C /* MainTabFeatureTests.swift */; };
		75D39A881B6BCE6ACD99671C /* CompetitionCore in Frameworks */ = {isa = PBXBuildFile; productRef = 94AE5B1EA8D73C40C59A519D /* CompetitionCore */; };
		7A3A884CEF7A982535C0BD1D /* CompetitionTestLabTests.swift in Sources */ = {isa = PBXBuildFile; fileRef = 0A326EB5826710C985D17686 /* CompetitionTestLabTests.swift */; };
		7AC8B015321B80E77EEEF3AF /* AccountDeletionTests.swift in Sources */ = {isa = PBXBuildFile; fileRef = 091448CE772C0EE35F3C5B74 /* AccountDeletionTests.swift */; };
		7C25EC1CE03E50E68B736A88 /* SupabaseAuthenticationClient.swift in Sources */ = {isa = PBXBuildFile; fileRef = 8F0B7A0111ADA222B439C9D9 /* SupabaseAuthenticationClient.swift */; };
		7F349991AF7E5B8AB86C1E0E /* CompetitionEnvironmentClientTests.swift in Sources */ = {isa = PBXBuildFile; fileRef = FC6B1F694361BA182C8C239D /* CompetitionEnvironmentClientTests.swift */; };
		82669C7399410C4DD256DEF9 /* loss.json in Resources */ = {isa = PBXBuildFile; fileRef = ABC64842924F0B681BDB3AC9 /* loss.json */; };
		8E965F238EEB7338E422F5C5 /* LocalCompetitionLifecycleUITests.swift in Sources */ = {isa = PBXBuildFile; fileRef = A1AAA11C718845811F2393C0 /* LocalCompetitionLifecycleUITests.swift */; };
		98103B98B315CF1D6121EF4B /* AppFeatureTests.swift in Sources */ = {isa = PBXBuildFile; fileRef = A27031C9D6844A658A3C19CE /* AppFeatureTests.swift */; };
		9920B929AFD3E5986D4BB0C5 /* SupabaseCompetitionRemoteAPITests.swift in Sources */ = {isa = PBXBuildFile; fileRef = D32005C34AC39471F5E780FB /* SupabaseCompetitionRemoteAPITests.swift */; };
		9DD3D5044A619666D0DEFE03 /* CompetitionSharingView.swift in Sources */ = {isa = PBXBuildFile; fileRef = A050B4C0326B86FA4332142F /* CompetitionSharingView.swift */; };
		A2C0D3A15B09DB208A50D10D /* AuthenticatedProfileStorageTests.swift in Sources */ = {isa = PBXBuildFile; fileRef = FBFAFEA75A9DBE99760DFF4D /* AuthenticatedProfileStorageTests.swift */; };
		A39001B8E8145707D693D215 /* AppFeature.swift in Sources */ = {isa = PBXBuildFile; fileRef = EC90AB3B1EDF7C788EF0A48F /* AppFeature.swift */; };
		A48D3EC504E6744EC268C76F /* CompetitionNotificationCoordinatorTests.swift in Sources */ = {isa = PBXBuildFile; fileRef = 71260DEAA6FF4102413E26F8 /* CompetitionNotificationCoordinatorTests.swift */; };
		A90E453F307E46A37BD0C58B /* SupabaseConfigurationTests.swift in Sources */ = {isa = PBXBuildFile; fileRef = A71009CDE26B9E5DEFE8C209 /* SupabaseConfigurationTests.swift */; };
		A933CF46EE745663C924FB92 /* FixtureActivitySource.swift in Sources */ = {isa = PBXBuildFile; fileRef = C0DD763262122302C88AA2F5 /* FixtureActivitySource.swift */; };
		B0B792E1A5FDFA8112255420 /* AppAttestClientTests.swift in Sources */ = {isa = PBXBuildFile; fileRef = 85C80155A733869ABAC1F483 /* AppAttestClientTests.swift */; };
		B23F0459A115348014EF4500 /* CompetitionInviteView.swift in Sources */ = {isa = PBXBuildFile; fileRef = F72580283C9D599F21484EB9 /* CompetitionInviteView.swift */; };
		B29FF2F0455C354D914ED698 /* HealthKitProviderTests.swift in Sources */ = {isa = PBXBuildFile; fileRef = CF7DE04D723EFB17C6B0F55E /* HealthKitProviderTests.swift */; };
		B508E276E3FE384530DF96B2 /* AccountSettingsView.swift in Sources */ = {isa = PBXBuildFile; fileRef = A41126B8D70DE4A10376D739 /* AccountSettingsView.swift */; };
		B6899E8344F48093351F0A2F /* CompetitionPushRegistration.swift in Sources */ = {isa = PBXBuildFile; fileRef = 6647E11CDA952495B6DD06A0 /* CompetitionPushRegistration.swift */; };
		BED89F3AD8EABD0DB5E3110F /* SupabaseCompetitionRealtimeClient.swift in Sources */ = {isa = PBXBuildFile; fileRef = 2B6CEEA41B5ADC4158D1E6E5 /* SupabaseCompetitionRealtimeClient.swift */; };
		BFD3169E2EC29891C7906E0E /* CompetitionNotificationCoordinator.swift in Sources */ = {isa = PBXBuildFile; fileRef = 533B5BE105C1A335AE961478 /* CompetitionNotificationCoordinator.swift */; };
		C039B03FB2A0FB239458547D /* RemoteCompetitionRuntimeTests.swift in Sources */ = {isa = PBXBuildFile; fileRef = 8DD31AE43369703843AE31C9 /* RemoteCompetitionRuntimeTests.swift */; };
		C26DAEF1685314355F596514 /* CompetitionEnvironmentClient.swift in Sources */ = {isa = PBXBuildFile; fileRef = A825F9D5426EB2DD168E91CE /* CompetitionEnvironmentClient.swift */; };
		C2B712658476B597C91211F5 /* CompetitionSyncCoordinator.swift in Sources */ = {isa = PBXBuildFile; fileRef = F58C1E73A183AACEC251330E /* CompetitionSyncCoordinator.swift */; };
		C3E2AD0CE17ABBA0C11A6DA0 /* CompetitionNotificationPlanner.swift in Sources */ = {isa = PBXBuildFile; fileRef = AFA09548C8311BA7BC4F9C17 /* CompetitionNotificationPlanner.swift */; };
		C9AA6BB52059E0374AD8A9D8 /* CompetitionOutboxStore.swift in Sources */ = {isa = PBXBuildFile; fileRef = B0553EBC556DCCF32E9E73D5 /* CompetitionOutboxStore.swift */; };
		CCEDDA37D247CA8D663BD235 /* win.json in Resources */ = {isa = PBXBuildFile; fileRef = 56A0E571C32EF5F1137939B1 /* win.json */; };
		D187775AC911BF131EFF720E /* LocalCompetitionRuntime.swift in Sources */ = {isa = PBXBuildFile; fileRef = 16F2F6B05D0D979314129070 /* LocalCompetitionRuntime.swift */; };
		D255C50B549AFFE322D41C9F /* CompetitionFeatureTests.swift in Sources */ = {isa = PBXBuildFile; fileRef = 954F012E75E5485B697906D6 /* CompetitionFeatureTests.swift */; };
		D8E69A7D32F7DE11CB47F041 /* CompetitionNotificationPlannerTests.swift in Sources */ = {isa = PBXBuildFile; fileRef = 1921895541916B918BFFA3E8 /* CompetitionNotificationPlannerTests.swift */; };
		DA712552072ED2155F329F48 /* AppAttestClient.swift in Sources */ = {isa = PBXBuildFile; fileRef = 3AB91D67DF671E84BB5BFFEB /* AppAttestClient.swift */; };
		DA998C07235B49E9345F6FE8 /* JSONCompetitionOutboxStore.swift in Sources */ = {isa = PBXBuildFile; fileRef = 8249239D6EC13DC41463D081 /* JSONCompetitionOutboxStore.swift */; };
		DC35549E42F6B1FA2A07BA25 /* CompetitionSyncCoordinatorTests.swift in Sources */ = {isa = PBXBuildFile; fileRef = B9DF77F4B53514428AD771C0 /* CompetitionSyncCoordinatorTests.swift */; };
		DD502924E9311DD9A99C81B2 /* CompetitionRouting.swift in Sources */ = {isa = PBXBuildFile; fileRef = 367629019F65C3FCD66B409F /* CompetitionRouting.swift */; };
		E52A6FF60DEBF090A7A2143C /* AccountFeature.swift in Sources */ = {isa = PBXBuildFile; fileRef = B78FA5A4670AECA86AA95557 /* AccountFeature.swift */; };
		F080E9F86D147A223B2AD0C3 /* JSONCompetitionOutboxStoreTests.swift in Sources */ = {isa = PBXBuildFile; fileRef = 4D9D6378727AB26B2A45AE28 /* JSONCompetitionOutboxStoreTests.swift */; };
		F3EAD9609CA950CEC8D1EF92 /* tie.json in Resources */ = {isa = PBXBuildFile; fileRef = 0118EA02318F4382081CC94F /* tie.json */; };
		F82EC37B40E95BB1575E2265 /* MultiUserCompetitionTestLabView.swift in Sources */ = {isa = PBXBuildFile; fileRef = F2AB9F656F17E85A71D01764 /* MultiUserCompetitionTestLabView.swift */; };
		FC8A2EF23ABB03B443068994 /* CompetitionPushRegistrationTests.swift in Sources */ = {isa = PBXBuildFile; fileRef = E4EC30544C4C442E5FDC2FE1 /* CompetitionPushRegistrationTests.swift */; };
		FD0F691DB7A2AD3B9BB2077F /* remote-stable-loss.json in Resources */ = {isa = PBXBuildFile; fileRef = EDE353612B8354B4ACCE996F /* remote-stable-loss.json */; };
/* End PBXBuildFile section */

/* Begin PBXContainerItemProxy section */
		497C4270DB38F73CE420C25F /* PBXContainerItemProxy */ = {
			isa = PBXContainerItemProxy;
			containerPortal = 6F8A6AF82470DA913821CC35 /* Project object */;
			proxyType = 1;
			remoteGlobalIDString = B080D531BAF0BC23F1A02EF7;
			remoteInfo = HealthComp;
		};
		893A5A01B0F47F40F87930DA /* PBXContainerItemProxy */ = {
			isa = PBXContainerItemProxy;
			containerPortal = 6F8A6AF82470DA913821CC35 /* Project object */;
			proxyType = 1;
			remoteGlobalIDString = B080D531BAF0BC23F1A02EF7;
			remoteInfo = HealthComp;
		};
/* End PBXContainerItemProxy section */

/* Begin PBXFileReference section */
		0118EA02318F4382081CC94F /* tie.json */ = {isa = PBXFileReference; lastKnownFileType = text.json; path = tie.json; sourceTree = "<group>"; };
		08AF91992EAFD7DD2DD29C21 /* CompetitionRealtimeClient.swift */ = {isa = PBXFileReference; lastKnownFileType = sourcecode.swift; path = CompetitionRealtimeClient.swift; sourceTree = "<group>"; };
		091448CE772C0EE35F3C5B74 /* AccountDeletionTests.swift */ = {isa = PBXFileReference; lastKnownFileType = sourcecode.swift; path = AccountDeletionTests.swift; sourceTree = "<group>"; };
		09FF3C40395A80635C205A3A /* HealthMetricTests.swift */ = {isa = PBXFileReference; lastKnownFileType = sourcecode.swift; path = HealthMetricTests.swift; sourceTree = "<group>"; };
		0A326EB5826710C985D17686 /* CompetitionTestLabTests.swift */ = {isa = PBXFileReference; lastKnownFileType = sourcecode.swift; path = CompetitionTestLabTests.swift; sourceTree = "<group>"; };
		0B62BF4147CD724EB04CECC6 /* late-watch-sync.json */ = {isa = PBXFileReference; lastKnownFileType = text.json; path = "late-watch-sync.json"; sourceTree = "<group>"; };
		119AA0F1200F5722F1BC1092 /* RemoteCompetitionFeatureTests.swift */ = {isa = PBXFileReference; lastKnownFileType = sourcecode.swift; path = RemoteCompetitionFeatureTests.swift; sourceTree = "<group>"; };
		16F2F6B05D0D979314129070 /* LocalCompetitionRuntime.swift */ = {isa = PBXFileReference; lastKnownFileType = sourcecode.swift; path = LocalCompetitionRuntime.swift; sourceTree = "<group>"; };
		185D226E47FB94EBF23B7B6F /* CompetitionNotificationPreferencesTests.swift */ = {isa = PBXFileReference; lastKnownFileType = sourcecode.swift; path = CompetitionNotificationPreferencesTests.swift; sourceTree = "<group>"; };
		1921895541916B918BFFA3E8 /* CompetitionNotificationPlannerTests.swift */ = {isa = PBXFileReference; lastKnownFileType = sourcecode.swift; path = CompetitionNotificationPlannerTests.swift; sourceTree = "<group>"; };
		1D4D0A6902647274F72B003C /* HealthComp.entitlements */ = {isa = PBXFileReference; lastKnownFileType = text.plist.entitlements; path = HealthComp.entitlements; sourceTree = "<group>"; };
		1D93500BA9AA5B7AF63C71F7 /* LocalCompetitionRuntimeTests.swift */ = {isa = PBXFileReference; lastKnownFileType = sourcecode.swift; path = LocalCompetitionRuntimeTests.swift; sourceTree = "<group>"; };
		225974742689A63371700688 /* ClaimCompetitionView.swift */ = {isa = PBXFileReference; lastKnownFileType = sourcecode.swift; path = ClaimCompetitionView.swift; sourceTree = "<group>"; };
		2B6CEEA41B5ADC4158D1E6E5 /* SupabaseCompetitionRealtimeClient.swift */ = {isa = PBXFileReference; lastKnownFileType = sourcecode.swift; path = SupabaseCompetitionRealtimeClient.swift; sourceTree = "<group>"; };
		2CC1985FE34C77217A5DAAD0 /* FixtureActivitySourceTests.swift */ = {isa = PBXFileReference; lastKnownFileType = sourcecode.swift; path = FixtureActivitySourceTests.swift; sourceTree = "<group>"; };
		35062161F195329954CCC954 /* CompetitionNotificationClientTests.swift */ = {isa = PBXFileReference; lastKnownFileType = sourcecode.swift; path = CompetitionNotificationClientTests.swift; sourceTree = "<group>"; };
		367629019F65C3FCD66B409F /* CompetitionRouting.swift */ = {isa = PBXFileReference; lastKnownFileType = sourcecode.swift; path = CompetitionRouting.swift; sourceTree = "<group>"; };
		3AB91D67DF671E84BB5BFFEB /* AppAttestClient.swift */ = {isa = PBXFileReference; lastKnownFileType = sourcecode.swift; path = AppAttestClient.swift; sourceTree = "<group>"; };
		3B8AD06B40107213226257FA /* CreateCompetitionView.swift */ = {isa = PBXFileReference; lastKnownFileType = sourcecode.swift; path = CreateCompetitionView.swift; sourceTree = "<group>"; };
		3BE3EF97EDDB31A7DA80B856 /* CompetitionTestLabView.swift */ = {isa = PBXFileReference; lastKnownFileType = sourcecode.swift; path = CompetitionTestLabView.swift; sourceTree = "<group>"; };
		3D3A86214F2EA7EB552733D5 /* CompetitionSyncModelsTests.swift */ = {isa = PBXFileReference; lastKnownFileType = sourcecode.swift; path = CompetitionSyncModelsTests.swift; sourceTree = "<group>"; };
		3FF5C908611B78276100C84F /* RemoteCompetitionClientTests.swift */ = {isa = PBXFileReference; lastKnownFileType = sourcecode.swift; path = RemoteCompetitionClientTests.swift; sourceTree = "<group>"; };
		429BFB72B91624812F8A02B6 /* CompetitionNotificationModels.swift */ = {isa = PBXFileReference; lastKnownFileType = sourcecode.swift; path = CompetitionNotificationModels.swift; sourceTree = "<group>"; };
		44597F797F2AC9BA7029B1DF /* JSONCompetitionEventStore.swift */ = {isa = PBXFileReference; lastKnownFileType = sourcecode.swift; path = JSONCompetitionEventStore.swift; sourceTree = "<group>"; };
		44AD870A448F41B9785BF328 /* Staging.xcconfig */ = {isa = PBXFileReference; lastKnownFileType = text.xcconfig; path = Staging.xcconfig; sourceTree = "<group>"; };
		45B4CB5326E660812EDE995E /* CompetitionDetailView.swift */ = {isa = PBXFileReference; lastKnownFileType = sourcecode.swift; path = CompetitionDetailView.swift; sourceTree = "<group>"; };
		461F8BCB14AE6E70D8BB4DBE /* CompetitionPresentationTests.swift */ = {isa = PBXFileReference; lastKnownFileType = sourcecode.swift; path = CompetitionPresentationTests.swift; sourceTree = "<group>"; };
		491111F52C594F7DF05E48C4 /* remote-stable-tie.json */ = {isa = PBXFileReference; lastKnownFileType = text.json; path = "remote-stable-tie.json"; sourceTree = "<group>"; };
		4D01015283BC66E2ECA9609D /* HealthCompApp.swift */ = {isa = PBXFileReference; lastKnownFileType = sourcecode.swift; path = HealthCompApp.swift; sourceTree = "<group>"; };
		4D9D6378727AB26B2A45AE28 /* JSONCompetitionOutboxStoreTests.swift */ = {isa = PBXFileReference; lastKnownFileType = sourcecode.swift; path = JSONCompetitionOutboxStoreTests.swift; sourceTree = "<group>"; };
		4E1EFEB41E5D4ADC7484F272 /* HealthKitProvider.swift */ = {isa = PBXFileReference; lastKnownFileType = sourcecode.swift; path = HealthKitProvider.swift; sourceTree = "<group>"; };
		511292C66B804FC74970BB4B /* AccountFeatureTests.swift */ = {isa = PBXFileReference; lastKnownFileType = sourcecode.swift; path = AccountFeatureTests.swift; sourceTree = "<group>"; };
		533B5BE105C1A335AE961478 /* CompetitionNotificationCoordinator.swift */ = {isa = PBXFileReference; lastKnownFileType = sourcecode.swift; path = CompetitionNotificationCoordinator.swift; sourceTree = "<group>"; };
		56A0E571C32EF5F1137939B1 /* win.json */ = {isa = PBXFileReference; lastKnownFileType = text.json; path = win.json; sourceTree = "<group>"; };
		5EA3F1951C080758224B44E2 /* HealthMetric.swift */ = {isa = PBXFileReference; lastKnownFileType = sourcecode.swift; path = HealthMetric.swift; sourceTree = "<group>"; };
		612908337833B2EAE7FD7D41 /* HealthCompUITests.xctest */ = {isa = PBXFileReference; includeInIndex = 0; lastKnownFileType = wrapper.cfbundle; path = HealthCompUITests.xctest; sourceTree = BUILT_PRODUCTS_DIR; };
		616B7E5CE526F649E00317C3 /* Info.plist */ = {isa = PBXFileReference; lastKnownFileType = text.plist; path = Info.plist; sourceTree = "<group>"; };
		620B41081DED3A911320E1F0 /* LocalCompetitionClient.swift */ = {isa = PBXFileReference; lastKnownFileType = sourcecode.swift; path = LocalCompetitionClient.swift; sourceTree = "<group>"; };
		6619D758FF31EC86B6996330 /* HealthCompAppDelegate.swift */ = {isa = PBXFileReference; lastKnownFileType = sourcecode.swift; path = HealthCompAppDelegate.swift; sourceTree = "<group>"; };
		6627DB76B896A69CA64FB159 /* CompetitionClient.swift */ = {isa = PBXFileReference; lastKnownFileType = sourcecode.swift; path = CompetitionClient.swift; sourceTree = "<group>"; };
		6647E11CDA952495B6DD06A0 /* CompetitionPushRegistration.swift */ = {isa = PBXFileReference; lastKnownFileType = sourcecode.swift; path = CompetitionPushRegistration.swift; sourceTree = "<group>"; };
		707D0C11F6133D4611BF36D7 /* remote-best-available-incomplete.json */ = {isa = PBXFileReference; lastKnownFileType = text.json; path = "remote-best-available-incomplete.json"; sourceTree = "<group>"; };
		71260DEAA6FF4102413E26F8 /* CompetitionNotificationCoordinatorTests.swift */ = {isa = PBXFileReference; lastKnownFileType = sourcecode.swift; path = CompetitionNotificationCoordinatorTests.swift; sourceTree = "<group>"; };
		72D97B24F7398742C8358DD9 /* MultiUserCompetitionUITests.swift */ = {isa = PBXFileReference; lastKnownFileType = sourcecode.swift; path = MultiUserCompetitionUITests.swift; sourceTree = "<group>"; };
		78CD3641AF9961D0DE49E710 /* CompetitionNotificationPreferences.swift */ = {isa = PBXFileReference; lastKnownFileType = sourcecode.swift; path = CompetitionNotificationPreferences.swift; sourceTree = "<group>"; };
		8249239D6EC13DC41463D081 /* JSONCompetitionOutboxStore.swift */ = {isa = PBXFileReference; lastKnownFileType = sourcecode.swift; path = JSONCompetitionOutboxStore.swift; sourceTree = "<group>"; };
		8574B621514C0849EFD32084 /* AuthenticationClientTests.swift */ = {isa = PBXFileReference; lastKnownFileType = sourcecode.swift; path = AuthenticationClientTests.swift; sourceTree = "<group>"; };
		85C80155A733869ABAC1F483 /* AppAttestClientTests.swift */ = {isa = PBXFileReference; lastKnownFileType = sourcecode.swift; path = AppAttestClientTests.swift; sourceTree = "<group>"; };
		8DD31AE43369703843AE31C9 /* RemoteCompetitionRuntimeTests.swift */ = {isa = PBXFileReference; lastKnownFileType = sourcecode.swift; path = RemoteCompetitionRuntimeTests.swift; sourceTree = "<group>"; };
		8DE98F9A6E165CAF241964EA /* MainTabView.swift */ = {isa = PBXFileReference; lastKnownFileType = sourcecode.swift; path = MainTabView.swift; sourceTree = "<group>"; };
		8E8BC3205F9F874134CE71BC /* CompetitionFeature.swift */ = {isa = PBXFileReference; lastKnownFileType = sourcecode.swift; path = CompetitionFeature.swift; sourceTree = "<group>"; };
		8EDFD1E45E20A6E1653DC561 /* AppAttestConfigurationTests.swift */ = {isa = PBXFileReference; lastKnownFileType = sourcecode.swift; path = AppAttestConfigurationTests.swift; sourceTree = "<group>"; };
		8F0B7A0111ADA222B439C9D9 /* SupabaseAuthenticationClient.swift */ = {isa = PBXFileReference; lastKnownFileType = sourcecode.swift; path = SupabaseAuthenticationClient.swift; sourceTree = "<group>"; };
		954F012E75E5485B697906D6 /* CompetitionFeatureTests.swift */ = {isa = PBXFileReference; lastKnownFileType = sourcecode.swift; path = CompetitionFeatureTests.swift; sourceTree = "<group>"; };
		9B370A537E958C39D00549FA /* ActivityRingsView.swift */ = {isa = PBXFileReference; lastKnownFileType = sourcecode.swift; path = ActivityRingsView.swift; sourceTree = "<group>"; };
		9B9BDFDDD2E2FDAB7931BA09 /* AuthenticationClient.swift */ = {isa = PBXFileReference; lastKnownFileType = sourcecode.swift; path = AuthenticationClient.swift; sourceTree = "<group>"; };
		A050B4C0326B86FA4332142F /* CompetitionSharingView.swift */ = {isa = PBXFileReference; lastKnownFileType = sourcecode.swift; path = CompetitionSharingView.swift; sourceTree = "<group>"; };
		A1AAA11C718845811F2393C0 /* LocalCompetitionLifecycleUITests.swift */ = {isa = PBXFileReference; lastKnownFileType = sourcecode.swift; path = LocalCompetitionLifecycleUITests.swift; sourceTree = "<group>"; };
		A27031C9D6844A658A3C19CE /* AppFeatureTests.swift */ = {isa = PBXFileReference; lastKnownFileType = sourcecode.swift; path = AppFeatureTests.swift; sourceTree = "<group>"; };
		A41126B8D70DE4A10376D739 /* AccountSettingsView.swift */ = {isa = PBXFileReference; lastKnownFileType = sourcecode.swift; path = AccountSettingsView.swift; sourceTree = "<group>"; };
		A71009CDE26B9E5DEFE8C209 /* SupabaseConfigurationTests.swift */ = {isa = PBXFileReference; lastKnownFileType = sourcecode.swift; path = SupabaseConfigurationTests.swift; sourceTree = "<group>"; };
		A825F9D5426EB2DD168E91CE /* CompetitionEnvironmentClient.swift */ = {isa = PBXFileReference; lastKnownFileType = sourcecode.swift; path = CompetitionEnvironmentClient.swift; sourceTree = "<group>"; };
		AB243F0BB966F7049D05D56C /* CompetitionTraceIntegrationTests.swift */ = {isa = PBXFileReference; lastKnownFileType = sourcecode.swift; path = CompetitionTraceIntegrationTests.swift; sourceTree = "<group>"; };
		ABC64842924F0B681BDB3AC9 /* loss.json */ = {isa = PBXFileReference; lastKnownFileType = text.json; path = loss.json; sourceTree = "<group>"; };
		AEEFCAE971C5B24E3802EA8A /* CompetitionRealtimeClientTests.swift */ = {isa = PBXFileReference; lastKnownFileType = sourcecode.swift; path = CompetitionRealtimeClientTests.swift; sourceTree = "<group>"; };
		AFA09548C8311BA7BC4F9C17 /* CompetitionNotificationPlanner.swift */ = {isa = PBXFileReference; lastKnownFileType = sourcecode.swift; path = CompetitionNotificationPlanner.swift; sourceTree = "<group>"; };
		B0553EBC556DCCF32E9E73D5 /* CompetitionOutboxStore.swift */ = {isa = PBXFileReference; lastKnownFileType = sourcecode.swift; path = CompetitionOutboxStore.swift; sourceTree = "<group>"; };
		B74EA43D24EEE51BE2DDEDAB /* CompetitionSyncModels.swift */ = {isa = PBXFileReference; lastKnownFileType = sourcecode.swift; path = CompetitionSyncModels.swift; sourceTree = "<group>"; };
		B78FA5A4670AECA86AA95557 /* AccountFeature.swift */ = {isa = PBXFileReference; lastKnownFileType = sourcecode.swift; path = AccountFeature.swift; sourceTree = "<group>"; };
		B9A7D5544146DA84C8A71125 /* RemoteCompetitionClient.swift */ = {isa = PBXFileReference; lastKnownFileType = sourcecode.swift; path = RemoteCompetitionClient.swift; sourceTree = "<group>"; };
		B9DF77F4B53514428AD771C0 /* CompetitionSyncCoordinatorTests.swift */ = {isa = PBXFileReference; lastKnownFileType = sourcecode.swift; path = CompetitionSyncCoordinatorTests.swift; sourceTree = "<group>"; };
		BAD2EA144469EBA09645C0C8 /* SupabaseConfiguration.swift */ = {isa = PBXFileReference; lastKnownFileType = sourcecode.swift; path = SupabaseConfiguration.swift; sourceTree = "<group>"; };
		BCFF8829F7432D248978C4F1 /* CompetitionNotificationClient.swift */ = {isa = PBXFileReference; lastKnownFileType = sourcecode.swift; path = CompetitionNotificationClient.swift; sourceTree = "<group>"; };
		C0DD763262122302C88AA2F5 /* FixtureActivitySource.swift */ = {isa = PBXFileReference; lastKnownFileType = sourcecode.swift; path = FixtureActivitySource.swift; sourceTree = "<group>"; };
		C16133B055FC48D62F572F7B /* Development.xcconfig */ = {isa = PBXFileReference; lastKnownFileType = text.xcconfig; path = Development.xcconfig; sourceTree = "<group>"; };
		C169E842F9AAD480353D38DD /* HealthComp.app */ = {isa = PBXFileReference; includeInIndex = 0; lastKnownFileType = wrapper.application; path = HealthComp.app; sourceTree = BUILT_PRODUCTS_DIR; };
		C1D8B3EF060D8C52F2299C95 /* MainTabFeature.swift */ = {isa = PBXFileReference; lastKnownFileType = sourcecode.swift; path = MainTabFeature.swift; sourceTree = "<group>"; };
		C3DFF07C8F1DAF91F666CE2C /* MainTabFeatureTests.swift */ = {isa = PBXFileReference; lastKnownFileType = sourcecode.swift; path = MainTabFeatureTests.swift; sourceTree = "<group>"; };
		C4D8E971E96397AB14D983D3 /* DeviceCheckAppAttestClient.swift */ = {isa = PBXFileReference; lastKnownFileType = sourcecode.swift; path = DeviceCheckAppAttestClient.swift; sourceTree = "<group>"; };
		C552868F11DF18D3E8FB90CE /* RemoteCompetitionRuntime.swift */ = {isa = PBXFileReference; lastKnownFileType = sourcecode.swift; path = RemoteCompetitionRuntime.swift; sourceTree = "<group>"; };
		C80D29D0BD360D57164DC524 /* SupabaseCompetitionRemoteAPI.swift */ = {isa = PBXFileReference; lastKnownFileType = sourcecode.swift; path = SupabaseCompetitionRemoteAPI.swift; sourceTree = "<group>"; };
		CD89B1AAB2A4AC2FD5A8C159 /* AuthenticatedProfileStorage.swift */ = {isa = PBXFileReference; lastKnownFileType = sourcecode.swift; path = AuthenticatedProfileStorage.swift; sourceTree = "<group>"; };
		CF7DE04D723EFB17C6B0F55E /* HealthKitProviderTests.swift */ = {isa = PBXFileReference; lastKnownFileType = sourcecode.swift; path = HealthKitProviderTests.swift; sourceTree = "<group>"; };
		D32005C34AC39471F5E780FB /* SupabaseCompetitionRemoteAPITests.swift */ = {isa = PBXFileReference; lastKnownFileType = sourcecode.swift; path = SupabaseCompetitionRemoteAPITests.swift; sourceTree = "<group>"; };
		DC8F09779188D9A1FE1C4BF7 /* HealthDataProvider.swift */ = {isa = PBXFileReference; lastKnownFileType = sourcecode.swift; path = HealthDataProvider.swift; sourceTree = "<group>"; };
		DF2EB15D15A1AFC4A22883D0 /* remote-stable-win.json */ = {isa = PBXFileReference; lastKnownFileType = text.json; path = "remote-stable-win.json"; sourceTree = "<group>"; };
		E319BF38E9A52EF2BC2D9349 /* Production.xcconfig */ = {isa = PBXFileReference; lastKnownFileType = text.xcconfig; path = Production.xcconfig; sourceTree = "<group>"; };
		E38A46C1086F6393DC0FA12A /* LocalCompetitionClientTests.swift */ = {isa = PBXFileReference; lastKnownFileType = sourcecode.swift; path = LocalCompetitionClientTests.swift; sourceTree = "<group>"; };
		E4EC30544C4C442E5FDC2FE1 /* CompetitionPushRegistrationTests.swift */ = {isa = PBXFileReference; lastKnownFileType = sourcecode.swift; path = CompetitionPushRegistrationTests.swift; sourceTree = "<group>"; };
		E8D842D51C03C651E67B1405 /* CompetitionRoutingTests.swift */ = {isa = PBXFileReference; lastKnownFileType = sourcecode.swift; path = CompetitionRoutingTests.swift; sourceTree = "<group>"; };
		EC90AB3B1EDF7C788EF0A48F /* AppFeature.swift */ = {isa = PBXFileReference; lastKnownFileType = sourcecode.swift; path = AppFeature.swift; sourceTree = "<group>"; };
		EDE353612B8354B4ACCE996F /* remote-stable-loss.json */ = {isa = PBXFileReference; lastKnownFileType = text.json; path = "remote-stable-loss.json"; sourceTree = "<group>"; };
		EF9D8272E5FD39A82970617A /* AccountView.swift */ = {isa = PBXFileReference; lastKnownFileType = sourcecode.swift; path = AccountView.swift; sourceTree = "<group>"; };
		EFDE31FDBC7C2D97BF245903 /* CompetitionCore */ = {isa = PBXFileReference; lastKnownFileType = folder; name = CompetitionCore; path = Modules/CompetitionCore; sourceTree = SOURCE_ROOT; };
		F2AB9F656F17E85A71D01764 /* MultiUserCompetitionTestLabView.swift */ = {isa = PBXFileReference; lastKnownFileType = sourcecode.swift; path = MultiUserCompetitionTestLabView.swift; sourceTree = "<group>"; };
		F5293E4F02146184E21401B1 /* CompetitionRemoteAPI.swift */ = {isa = PBXFileReference; lastKnownFileType = sourcecode.swift; path = CompetitionRemoteAPI.swift; sourceTree = "<group>"; };
		F58C1E73A183AACEC251330E /* CompetitionSyncCoordinator.swift */ = {isa = PBXFileReference; lastKnownFileType = sourcecode.swift; path = CompetitionSyncCoordinator.swift; sourceTree = "<group>"; };
		F72580283C9D599F21484EB9 /* CompetitionInviteView.swift */ = {isa = PBXFileReference; lastKnownFileType = sourcecode.swift; path = CompetitionInviteView.swift; sourceTree = "<group>"; };
		F81AE20C21E083ABAC279310 /* HealthCompTests.xctest */ = {isa = PBXFileReference; includeInIndex = 0; lastKnownFileType = wrapper.cfbundle; path = HealthCompTests.xctest; sourceTree = BUILT_PRODUCTS_DIR; };
		FBFAFEA75A9DBE99760DFF4D /* AuthenticatedProfileStorageTests.swift */ = {isa = PBXFileReference; lastKnownFileType = sourcecode.swift; path = AuthenticatedProfileStorageTests.swift; sourceTree = "<group>"; };
		FC6B1F694361BA182C8C239D /* CompetitionEnvironmentClientTests.swift */ = {isa = PBXFileReference; lastKnownFileType = sourcecode.swift; path = CompetitionEnvironmentClientTests.swift; sourceTree = "<group>"; };
		FCDBD0348C760C1907099902 /* CompetitionResultView.swift */ = {isa = PBXFileReference; lastKnownFileType = sourcecode.swift; path = CompetitionResultView.swift; sourceTree = "<group>"; };
		FD0C12E55F3C163C315598D5 /* JSONCompetitionEventStoreTests.swift */ = {isa = PBXFileReference; lastKnownFileType = sourcecode.swift; path = JSONCompetitionEventStoreTests.swift; sourceTree = "<group>"; };
/* End PBXFileReference section */

/* Begin PBXFrameworksBuildPhase section */
		6F299EAC6301BB1870E1FA41 /* Frameworks */ = {
			isa = PBXFrameworksBuildPhase;
			buildActionMask = 2147483647;
			files = (
				75D39A881B6BCE6ACD99671C /* CompetitionCore in Frameworks */,
				34375EA0795DBFCC09E7D120 /* ComposableArchitecture in Frameworks */,
				63626B6583F3AA09DED4C760 /* Supabase in Frameworks */,
			);
			runOnlyForDeploymentPostprocessing = 0;
		};
		E0E5B6E1106E757CEBB0A6B7 /* Frameworks */ = {
			isa = PBXFrameworksBuildPhase;
			buildActionMask = 2147483647;
			files = (
				0FF8C7A7EE486C0C12635490 /* CompetitionCore in Frameworks */,
			);
			runOnlyForDeploymentPostprocessing = 0;
		};
/* End PBXFrameworksBuildPhase section */

/* Begin PBXGroup section */
		0D475C1FCAB464F26AE279B5 /* Features */ = {
			isa = PBXGroup;
			children = (
				C297E950CB4D991163989D77 /* Account */,
				8EC1970145C2C59E2F2889A1 /* Competition */,
				79B1C92EAAAD58985E8BD91F /* MainTab */,
			);
			path = Features;
			sourceTree = "<group>";
		};
		1F20F7610CE2BD04006BCF7A = {
			isa = PBXGroup;
			children = (
				92F4880E01328AB594F53E3A /* Configuration */,
				60CBD17CD7BBFD3BC9FB34F4 /* HealthComp */,
				6E41142DDDABF7B3BBBB7231 /* HealthCompTests */,
				9F5D18D2C36062228CA2B182 /* HealthCompUITests */,
				8C9F75969C8BFFA621336541 /* Packages */,
				1FDF3C8CE481CE41AFE93EF1 /* Products */,
			);
			sourceTree = "<group>";
		};
		1FDF3C8CE481CE41AFE93EF1 /* Products */ = {
			isa = PBXGroup;
			children = (
				C169E842F9AAD480353D38DD /* HealthComp.app */,
				F81AE20C21E083ABAC279310 /* HealthCompTests.xctest */,
				612908337833B2EAE7FD7D41 /* HealthCompUITests.xctest */,
			);
			name = Products;
			sourceTree = "<group>";
		};
		25BCE1EEC45C4C6E1176F008 /* App */ = {
			isa = PBXGroup;
			children = (
				EC90AB3B1EDF7C788EF0A48F /* AppFeature.swift */,
				4D01015283BC66E2ECA9609D /* HealthCompApp.swift */,
				6619D758FF31EC86B6996330 /* HealthCompAppDelegate.swift */,
			);
			path = App;
			sourceTree = "<group>";
		};
		29B00DE592B70298ECE97410 /* Services */ = {
			isa = PBXGroup;
			children = (
				3AB91D67DF671E84BB5BFFEB /* AppAttestClient.swift */,
				CD89B1AAB2A4AC2FD5A8C159 /* AuthenticatedProfileStorage.swift */,
				9B9BDFDDD2E2FDAB7931BA09 /* AuthenticationClient.swift */,
				A825F9D5426EB2DD168E91CE /* CompetitionEnvironmentClient.swift */,
				BCFF8829F7432D248978C4F1 /* CompetitionNotificationClient.swift */,
				533B5BE105C1A335AE961478 /* CompetitionNotificationCoordinator.swift */,
				429BFB72B91624812F8A02B6 /* CompetitionNotificationModels.swift */,
				AFA09548C8311BA7BC4F9C17 /* CompetitionNotificationPlanner.swift */,
				78CD3641AF9961D0DE49E710 /* CompetitionNotificationPreferences.swift */,
				B0553EBC556DCCF32E9E73D5 /* CompetitionOutboxStore.swift */,
				6647E11CDA952495B6DD06A0 /* CompetitionPushRegistration.swift */,
				08AF91992EAFD7DD2DD29C21 /* CompetitionRealtimeClient.swift */,
				F5293E4F02146184E21401B1 /* CompetitionRemoteAPI.swift */,
				367629019F65C3FCD66B409F /* CompetitionRouting.swift */,
				F58C1E73A183AACEC251330E /* CompetitionSyncCoordinator.swift */,
				B74EA43D24EEE51BE2DDEDAB /* CompetitionSyncModels.swift */,
				C4D8E971E96397AB14D983D3 /* DeviceCheckAppAttestClient.swift */,
				C0DD763262122302C88AA2F5 /* FixtureActivitySource.swift */,
				DC8F09779188D9A1FE1C4BF7 /* HealthDataProvider.swift */,
				4E1EFEB41E5D4ADC7484F272 /* HealthKitProvider.swift */,
				44597F797F2AC9BA7029B1DF /* JSONCompetitionEventStore.swift */,
				8249239D6EC13DC41463D081 /* JSONCompetitionOutboxStore.swift */,
				16F2F6B05D0D979314129070 /* LocalCompetitionRuntime.swift */,
				C552868F11DF18D3E8FB90CE /* RemoteCompetitionRuntime.swift */,
				8F0B7A0111ADA222B439C9D9 /* SupabaseAuthenticationClient.swift */,
				2B6CEEA41B5ADC4158D1E6E5 /* SupabaseCompetitionRealtimeClient.swift */,
				C80D29D0BD360D57164DC524 /* SupabaseCompetitionRemoteAPI.swift */,
				BAD2EA144469EBA09645C0C8 /* SupabaseConfiguration.swift */,
			);
			path = Services;
			sourceTree = "<group>";
		};
		60CBD17CD7BBFD3BC9FB34F4 /* HealthComp */ = {
			isa = PBXGroup;
			children = (
				25BCE1EEC45C4C6E1176F008 /* App */,
				0D475C1FCAB464F26AE279B5 /* Features */,
				F72CC3DA997C1AFF9DDA2F03 /* Models */,
				D3AFFFCE59B8D2086F7B9A8C /* Resources */,
				29B00DE592B70298ECE97410 /* Services */,
			);
			path = HealthComp;
			sourceTree = "<group>";
		};
		6E41142DDDABF7B3BBBB7231 /* HealthCompTests */ = {
			isa = PBXGroup;
			children = (
				091448CE772C0EE35F3C5B74 /* AccountDeletionTests.swift */,
				511292C66B804FC74970BB4B /* AccountFeatureTests.swift */,
				85C80155A733869ABAC1F483 /* AppAttestClientTests.swift */,
				8EDFD1E45E20A6E1653DC561 /* AppAttestConfigurationTests.swift */,
				A27031C9D6844A658A3C19CE /* AppFeatureTests.swift */,
				FBFAFEA75A9DBE99760DFF4D /* AuthenticatedProfileStorageTests.swift */,
				8574B621514C0849EFD32084 /* AuthenticationClientTests.swift */,
				FC6B1F694361BA182C8C239D /* CompetitionEnvironmentClientTests.swift */,
				954F012E75E5485B697906D6 /* CompetitionFeatureTests.swift */,
				35062161F195329954CCC954 /* CompetitionNotificationClientTests.swift */,
				71260DEAA6FF4102413E26F8 /* CompetitionNotificationCoordinatorTests.swift */,
				1921895541916B918BFFA3E8 /* CompetitionNotificationPlannerTests.swift */,
				185D226E47FB94EBF23B7B6F /* CompetitionNotificationPreferencesTests.swift */,
				461F8BCB14AE6E70D8BB4DBE /* CompetitionPresentationTests.swift */,
				E4EC30544C4C442E5FDC2FE1 /* CompetitionPushRegistrationTests.swift */,
				AEEFCAE971C5B24E3802EA8A /* CompetitionRealtimeClientTests.swift */,
				E8D842D51C03C651E67B1405 /* CompetitionRoutingTests.swift */,
				B9DF77F4B53514428AD771C0 /* CompetitionSyncCoordinatorTests.swift */,
				3D3A86214F2EA7EB552733D5 /* CompetitionSyncModelsTests.swift */,
				0A326EB5826710C985D17686 /* CompetitionTestLabTests.swift */,
				AB243F0BB966F7049D05D56C /* CompetitionTraceIntegrationTests.swift */,
				2CC1985FE34C77217A5DAAD0 /* FixtureActivitySourceTests.swift */,
				CF7DE04D723EFB17C6B0F55E /* HealthKitProviderTests.swift */,
				09FF3C40395A80635C205A3A /* HealthMetricTests.swift */,
				FD0C12E55F3C163C315598D5 /* JSONCompetitionEventStoreTests.swift */,
				4D9D6378727AB26B2A45AE28 /* JSONCompetitionOutboxStoreTests.swift */,
				E38A46C1086F6393DC0FA12A /* LocalCompetitionClientTests.swift */,
				1D93500BA9AA5B7AF63C71F7 /* LocalCompetitionRuntimeTests.swift */,
				C3DFF07C8F1DAF91F666CE2C /* MainTabFeatureTests.swift */,
				3FF5C908611B78276100C84F /* RemoteCompetitionClientTests.swift */,
				119AA0F1200F5722F1BC1092 /* RemoteCompetitionFeatureTests.swift */,
				8DD31AE43369703843AE31C9 /* RemoteCompetitionRuntimeTests.swift */,
				D32005C34AC39471F5E780FB /* SupabaseCompetitionRemoteAPITests.swift */,
				A71009CDE26B9E5DEFE8C209 /* SupabaseConfigurationTests.swift */,
				98539EF7B15E5910B24EE8A2 /* Fixtures */,
			);
			path = HealthCompTests;
			sourceTree = "<group>";
		};
		79B1C92EAAAD58985E8BD91F /* MainTab */ = {
			isa = PBXGroup;
			children = (
				C1D8B3EF060D8C52F2299C95 /* MainTabFeature.swift */,
				8DE98F9A6E165CAF241964EA /* MainTabView.swift */,
			);
			path = MainTab;
			sourceTree = "<group>";
		};
		8C9F75969C8BFFA621336541 /* Packages */ = {
			isa = PBXGroup;
			children = (
				EFDE31FDBC7C2D97BF245903 /* CompetitionCore */,
			);
			name = Packages;
			sourceTree = "<group>";
		};
		8EC1970145C2C59E2F2889A1 /* Competition */ = {
			isa = PBXGroup;
			children = (
				9B370A537E958C39D00549FA /* ActivityRingsView.swift */,
				225974742689A63371700688 /* ClaimCompetitionView.swift */,
				6627DB76B896A69CA64FB159 /* CompetitionClient.swift */,
				45B4CB5326E660812EDE995E /* CompetitionDetailView.swift */,
				8E8BC3205F9F874134CE71BC /* CompetitionFeature.swift */,
				F72580283C9D599F21484EB9 /* CompetitionInviteView.swift */,
				FCDBD0348C760C1907099902 /* CompetitionResultView.swift */,
				A050B4C0326B86FA4332142F /* CompetitionSharingView.swift */,
				3BE3EF97EDDB31A7DA80B856 /* CompetitionTestLabView.swift */,
				3B8AD06B40107213226257FA /* CreateCompetitionView.swift */,
				620B41081DED3A911320E1F0 /* LocalCompetitionClient.swift */,
				F2AB9F656F17E85A71D01764 /* MultiUserCompetitionTestLabView.swift */,
				B9A7D5544146DA84C8A71125 /* RemoteCompetitionClient.swift */,
			);
			path = Competition;
			sourceTree = "<group>";
		};
		92F4880E01328AB594F53E3A /* Configuration */ = {
			isa = PBXGroup;
			children = (
				C16133B055FC48D62F572F7B /* Development.xcconfig */,
				E319BF38E9A52EF2BC2D9349 /* Production.xcconfig */,
				44AD870A448F41B9785BF328 /* Staging.xcconfig */,
			);
			path = Configuration;
			sourceTree = "<group>";
		};
		98539EF7B15E5910B24EE8A2 /* Fixtures */ = {
			isa = PBXGroup;
			children = (
				0B62BF4147CD724EB04CECC6 /* late-watch-sync.json */,
				ABC64842924F0B681BDB3AC9 /* loss.json */,
				707D0C11F6133D4611BF36D7 /* remote-best-available-incomplete.json */,
				EDE353612B8354B4ACCE996F /* remote-stable-loss.json */,
				491111F52C594F7DF05E48C4 /* remote-stable-tie.json */,
				DF2EB15D15A1AFC4A22883D0 /* remote-stable-win.json */,
				0118EA02318F4382081CC94F /* tie.json */,
				56A0E571C32EF5F1137939B1 /* win.json */,
			);
			path = Fixtures;
			sourceTree = "<group>";
		};
		9F5D18D2C36062228CA2B182 /* HealthCompUITests */ = {
			isa = PBXGroup;
			children = (
				A1AAA11C718845811F2393C0 /* LocalCompetitionLifecycleUITests.swift */,
				72D97B24F7398742C8358DD9 /* MultiUserCompetitionUITests.swift */,
			);
			path = HealthCompUITests;
			sourceTree = "<group>";
		};
		C297E950CB4D991163989D77 /* Account */ = {
			isa = PBXGroup;
			children = (
				B78FA5A4670AECA86AA95557 /* AccountFeature.swift */,
				A41126B8D70DE4A10376D739 /* AccountSettingsView.swift */,
				EF9D8272E5FD39A82970617A /* AccountView.swift */,
			);
			path = Account;
			sourceTree = "<group>";
		};
		D3AFFFCE59B8D2086F7B9A8C /* Resources */ = {
			isa = PBXGroup;
			children = (
				1D4D0A6902647274F72B003C /* HealthComp.entitlements */,
				616B7E5CE526F649E00317C3 /* Info.plist */,
			);
			path = Resources;
			sourceTree = "<group>";
		};
		F72CC3DA997C1AFF9DDA2F03 /* Models */ = {
			isa = PBXGroup;
			children = (
				5EA3F1951C080758224B44E2 /* HealthMetric.swift */,
			);
			path = Models;
			sourceTree = "<group>";
		};
/* End PBXGroup section */

/* Begin PBXNativeTarget section */
		2BBEE518756FBCE194988772 /* HealthCompTests */ = {
			isa = PBXNativeTarget;
			buildConfigurationList = 1E542DF51E54A7039E55C004 /* Build configuration list for PBXNativeTarget "HealthCompTests" */;
			buildPhases = (
				F2A3E3D42712F5DF822CF30D /* Sources */,
				3A451B92511D7CDDED154B94 /* Resources */,
				E0E5B6E1106E757CEBB0A6B7 /* Frameworks */,
			);
			buildRules = (
			);
			dependencies = (
				84498F98752B7F040931C9E5 /* PBXTargetDependency */,
			);
			name = HealthCompTests;
			packageProductDependencies = (
				72D0E717AD59302E2D046DE9 /* CompetitionCore */,
			);
			productName = HealthCompTests;
			productReference = F81AE20C21E083ABAC279310 /* HealthCompTests.xctest */;
			productType = "com.apple.product-type.bundle.unit-test";
		};
		6D88451406311CBA275A4B71 /* HealthCompUITests */ = {
			isa = PBXNativeTarget;
			buildConfigurationList = 5947FE326AECC3830517F0DD /* Build configuration list for PBXNativeTarget "HealthCompUITests" */;
			buildPhases = (
				5C5FA4CF1FC7AE0FBF36E5A8 /* Sources */,
			);
			buildRules = (
			);
			dependencies = (
				1A6E0BEA945AADFFEF9C5CBB /* PBXTargetDependency */,
			);
			name = HealthCompUITests;
			packageProductDependencies = (
			);
			productName = HealthCompUITests;
			productReference = 612908337833B2EAE7FD7D41 /* HealthCompUITests.xctest */;
			productType = "com.apple.product-type.bundle.ui-testing";
		};
		B080D531BAF0BC23F1A02EF7 /* HealthComp */ = {
			isa = PBXNativeTarget;
			buildConfigurationList = B7B1486E7BC6C43CC6001970 /* Build configuration list for PBXNativeTarget "HealthComp" */;
			buildPhases = (
				ECD3F23534923981541E90E8 /* Sources */,
				6F299EAC6301BB1870E1FA41 /* Frameworks */,
			);
			buildRules = (
			);
			dependencies = (
			);
			name = HealthComp;
			packageProductDependencies = (
				94AE5B1EA8D73C40C59A519D /* CompetitionCore */,
				C19E50C9B46A4490A6CFAAEE /* ComposableArchitecture */,
				765098240911111A6F629AE3 /* Supabase */,
			);
			productName = HealthComp;
			productReference = C169E842F9AAD480353D38DD /* HealthComp.app */;
			productType = "com.apple.product-type.application";
		};
/* End PBXNativeTarget section */

/* Begin PBXProject section */
		6F8A6AF82470DA913821CC35 /* Project object */ = {
			isa = PBXProject;
			attributes = {
				BuildIndependentTargetsInParallel = YES;
				LastUpgradeCheck = 1600;
				TargetAttributes = {
					6D88451406311CBA275A4B71 = {
						TestTargetID = B080D531BAF0BC23F1A02EF7;
					};
				};
			};
			buildConfigurationList = 29BF8AADEFFE8DEDAE2AC2AF /* Build configuration list for PBXProject "HealthComp" */;
			developmentRegion = en;
			hasScannedForEncodings = 0;
			knownRegions = (
				Base,
				en,
			);
			mainGroup = 1F20F7610CE2BD04006BCF7A;
			minimizedProjectReferenceProxies = 1;
			packageReferences = (
				E447A5458A1BF1E4EAE6EE7D /* XCRemoteSwiftPackageReference "swift-composable-architecture" */,
				EEF499805781B01BF3CC48F7 /* XCRemoteSwiftPackageReference "supabase-swift" */,
				462A1D48F134154E6EF5A3C7 /* XCLocalSwiftPackageReference "Modules/CompetitionCore" */,
			);
			preferredProjectObjectVersion = 77;
			productRefGroup = 1FDF3C8CE481CE41AFE93EF1 /* Products */;
			projectDirPath = "";
			projectRoot = "";
			targets = (
				B080D531BAF0BC23F1A02EF7 /* HealthComp */,
				2BBEE518756FBCE194988772 /* HealthCompTests */,
				6D88451406311CBA275A4B71 /* HealthCompUITests */,
			);
		};
/* End PBXProject section */

/* Begin PBXResourcesBuildPhase section */
		3A451B92511D7CDDED154B94 /* Resources */ = {
			isa = PBXResourcesBuildPhase;
			buildActionMask = 2147483647;
			files = (
				0D7E2224EB53F47629BDB312 /* late-watch-sync.json in Resources */,
				82669C7399410C4DD256DEF9 /* loss.json in Resources */,
				153576F1521F99A0DB91C2A8 /* remote-best-available-incomplete.json in Resources */,
				FD0F691DB7A2AD3B9BB2077F /* remote-stable-loss.json in Resources */,
				52926C8187B0B300B1871D18 /* remote-stable-tie.json in Resources */,
				5F0736352CDB182DF626EC7C /* remote-stable-win.json in Resources */,
				F3EAD9609CA950CEC8D1EF92 /* tie.json in Resources */,
				CCEDDA37D247CA8D663BD235 /* win.json in Resources */,
			);
			runOnlyForDeploymentPostprocessing = 0;
		};
/* End PBXResourcesBuildPhase section */

/* Begin PBXSourcesBuildPhase section */
		5C5FA4CF1FC7AE0FBF36E5A8 /* Sources */ = {
			isa = PBXSourcesBuildPhase;
			buildActionMask = 2147483647;
			files = (
				8E965F238EEB7338E422F5C5 /* LocalCompetitionLifecycleUITests.swift in Sources */,
				51EC8DDC48A29F9C45FDE1A3 /* MultiUserCompetitionUITests.swift in Sources */,
			);
			runOnlyForDeploymentPostprocessing = 0;
		};
		ECD3F23534923981541E90E8 /* Sources */ = {
			isa = PBXSourcesBuildPhase;
			buildActionMask = 2147483647;
			files = (
				E52A6FF60DEBF090A7A2143C /* AccountFeature.swift in Sources */,
				B508E276E3FE384530DF96B2 /* AccountSettingsView.swift in Sources */,
				6AA830F2E1D0E6DE5CC84D62 /* AccountView.swift in Sources */,
				0FC85F9BC7725A7452690C81 /* ActivityRingsView.swift in Sources */,
				DA712552072ED2155F329F48 /* AppAttestClient.swift in Sources */,
				A39001B8E8145707D693D215 /* AppFeature.swift in Sources */,
				12DBB0EB4D5140F60483A82E /* AuthenticatedProfileStorage.swift in Sources */,
				07B51177CD4962804CDB26F1 /* AuthenticationClient.swift in Sources */,
				10877D47E948C78A37F0C748 /* ClaimCompetitionView.swift in Sources */,
				093DC7E7B8D1993E54AF5D8F /* CompetitionClient.swift in Sources */,
				664893A2DD239F6897D6B582 /* CompetitionDetailView.swift in Sources */,
				C26DAEF1685314355F596514 /* CompetitionEnvironmentClient.swift in Sources */,
				0BF4596D63CCDE7A8B41F7D7 /* CompetitionFeature.swift in Sources */,
				B23F0459A115348014EF4500 /* CompetitionInviteView.swift in Sources */,
				0BD7D8160ECD9E9F9DF4C5EC /* CompetitionNotificationClient.swift in Sources */,
				BFD3169E2EC29891C7906E0E /* CompetitionNotificationCoordinator.swift in Sources */,
				3EF61DC4B5E1D8F171C71930 /* CompetitionNotificationModels.swift in Sources */,
				C3E2AD0CE17ABBA0C11A6DA0 /* CompetitionNotificationPlanner.swift in Sources */,
				3D7EA73CDC827C2224DFF76F /* CompetitionNotificationPreferences.swift in Sources */,
				C9AA6BB52059E0374AD8A9D8 /* CompetitionOutboxStore.swift in Sources */,
				B6899E8344F48093351F0A2F /* CompetitionPushRegistration.swift in Sources */,
				2C65CC3FE6B88DE464937C63 /* CompetitionRealtimeClient.swift in Sources */,
				6BCDDCD3FC475AEA4415087D /* CompetitionRemoteAPI.swift in Sources */,
				41CF9795CB853B8522FC9BC6 /* CompetitionResultView.swift in Sources */,
				DD502924E9311DD9A99C81B2 /* CompetitionRouting.swift in Sources */,
				9DD3D5044A619666D0DEFE03 /* CompetitionSharingView.swift in Sources */,
				C2B712658476B597C91211F5 /* CompetitionSyncCoordinator.swift in Sources */,
				5DE7A5CF81E44A3B575C571A /* CompetitionSyncModels.swift in Sources */,
				306D88343452CE12051ED31D /* CompetitionTestLabView.swift in Sources */,
				2A4985CFC850253C62CAB4A6 /* CreateCompetitionView.swift in Sources */,
				0D1B5C5884BFF187FB627DC0 /* DeviceCheckAppAttestClient.swift in Sources */,
				A933CF46EE745663C924FB92 /* FixtureActivitySource.swift in Sources */,
				1F1E059933150A061C760DD6 /* HealthCompApp.swift in Sources */,
				510A05F868BEFC10DAAF9862 /* HealthCompAppDelegate.swift in Sources */,
				1E677D5B9D0BBC6F7A873642 /* HealthDataProvider.swift in Sources */,
				4876547B798FDFBA4EEFDE75 /* HealthKitProvider.swift in Sources */,
				68146909378E552F35D6697F /* HealthMetric.swift in Sources */,
				2C8D65A4CCDE772479738364 /* JSONCompetitionEventStore.swift in Sources */,
				DA998C07235B49E9345F6FE8 /* JSONCompetitionOutboxStore.swift in Sources */,
				22078218974E42A03AB0BB92 /* LocalCompetitionClient.swift in Sources */,
				D187775AC911BF131EFF720E /* LocalCompetitionRuntime.swift in Sources */,
				68E7EF63C482B3C302F04EBD /* MainTabFeature.swift in Sources */,
				3E9AFCB2C2C40C2F0662D72E /* MainTabView.swift in Sources */,
				F82EC37B40E95BB1575E2265 /* MultiUserCompetitionTestLabView.swift in Sources */,
				225DA345431BFB3F6665C1F1 /* RemoteCompetitionClient.swift in Sources */,
				633C2CCC1EFC5F2546E47402 /* RemoteCompetitionRuntime.swift in Sources */,
				7C25EC1CE03E50E68B736A88 /* SupabaseAuthenticationClient.swift in Sources */,
				BED89F3AD8EABD0DB5E3110F /* SupabaseCompetitionRealtimeClient.swift in Sources */,
				6951A0E1D90273340663259F /* SupabaseCompetitionRemoteAPI.swift in Sources */,
				40513CB901AC87FFF3A78ADB /* SupabaseConfiguration.swift in Sources */,
			);
			runOnlyForDeploymentPostprocessing = 0;
		};
		F2A3E3D42712F5DF822CF30D /* Sources */ = {
			isa = PBXSourcesBuildPhase;
			buildActionMask = 2147483647;
			files = (
				7AC8B015321B80E77EEEF3AF /* AccountDeletionTests.swift in Sources */,
				3CC601AC4956AFE4E678AC28 /* AccountFeatureTests.swift in Sources */,
				B0B792E1A5FDFA8112255420 /* AppAttestClientTests.swift in Sources */,
				165F2A28D30436DC42532FEE /* AppAttestConfigurationTests.swift in Sources */,
				98103B98B315CF1D6121EF4B /* AppFeatureTests.swift in Sources */,
				A2C0D3A15B09DB208A50D10D /* AuthenticatedProfileStorageTests.swift in Sources */,
				4F742A61BC1FC2D9F11BCD74 /* AuthenticationClientTests.swift in Sources */,
				7F349991AF7E5B8AB86C1E0E /* CompetitionEnvironmentClientTests.swift in Sources */,
				D255C50B549AFFE322D41C9F /* CompetitionFeatureTests.swift in Sources */,
				617C5F24C583E12019770400 /* CompetitionNotificationClientTests.swift in Sources */,
				A48D3EC504E6744EC268C76F /* CompetitionNotificationCoordinatorTests.swift in Sources */,
				D8E69A7D32F7DE11CB47F041 /* CompetitionNotificationPlannerTests.swift in Sources */,
				51664C1A7AF7BCBA221C519A /* CompetitionNotificationPreferencesTests.swift in Sources */,
				25CD41BFE9C5F75B7C20F205 /* CompetitionPresentationTests.swift in Sources */,
				FC8A2EF23ABB03B443068994 /* CompetitionPushRegistrationTests.swift in Sources */,
				0387B14516F10AD6F7D9631A /* CompetitionRealtimeClientTests.swift in Sources */,
				12640A6EFC6346166F8015CF /* CompetitionRoutingTests.swift in Sources */,
				DC35549E42F6B1FA2A07BA25 /* CompetitionSyncCoordinatorTests.swift in Sources */,
				6149987E19B2247AFDA3396D /* CompetitionSyncModelsTests.swift in Sources */,
				7A3A884CEF7A982535C0BD1D /* CompetitionTestLabTests.swift in Sources */,
				044015DA32180EF60CF5DC2A /* CompetitionTraceIntegrationTests.swift in Sources */,
				6889DEEA038530AC44D1DD99 /* FixtureActivitySourceTests.swift in Sources */,
				B29FF2F0455C354D914ED698 /* HealthKitProviderTests.swift in Sources */,
				026BC27D8A89262270E78565 /* HealthMetricTests.swift in Sources */,
				326B43DCD5E31D60D7D8ECC5 /* JSONCompetitionEventStoreTests.swift in Sources */,
				F080E9F86D147A223B2AD0C3 /* JSONCompetitionOutboxStoreTests.swift in Sources */,
				5DDCDC3DA51E4EA5BD74374C /* LocalCompetitionClientTests.swift in Sources */,
				6130C4E53FA5F34F75A83996 /* LocalCompetitionRuntimeTests.swift in Sources */,
				73F853265BC75C365CD2BB2B /* MainTabFeatureTests.swift in Sources */,
				4CBF0F250A7D5C9B2514334C /* RemoteCompetitionClientTests.swift in Sources */,
				4998D06AD6158262F8B8B73B /* RemoteCompetitionFeatureTests.swift in Sources */,
				C039B03FB2A0FB239458547D /* RemoteCompetitionRuntimeTests.swift in Sources */,
				9920B929AFD3E5986D4BB0C5 /* SupabaseCompetitionRemoteAPITests.swift in Sources */,
				A90E453F307E46A37BD0C58B /* SupabaseConfigurationTests.swift in Sources */,
			);
			runOnlyForDeploymentPostprocessing = 0;
		};
/* End PBXSourcesBuildPhase section */

/* Begin PBXTargetDependency section */
		1A6E0BEA945AADFFEF9C5CBB /* PBXTargetDependency */ = {
			isa = PBXTargetDependency;
			target = B080D531BAF0BC23F1A02EF7 /* HealthComp */;
			targetProxy = 893A5A01B0F47F40F87930DA /* PBXContainerItemProxy */;
		};
		84498F98752B7F040931C9E5 /* PBXTargetDependency */ = {
			isa = PBXTargetDependency;
			target = B080D531BAF0BC23F1A02EF7 /* HealthComp */;
			targetProxy = 497C4270DB38F73CE420C25F /* PBXContainerItemProxy */;
		};
/* End PBXTargetDependency section */

/* Begin XCBuildConfiguration section */
		153148AA51E80314704AC5B2 /* Staging */ = {
			isa = XCBuildConfiguration;
			buildSettings = {
				BUNDLE_LOADER = "$(TEST_HOST)";
				GENERATE_INFOPLIST_FILE = YES;
				LD_RUNPATH_SEARCH_PATHS = (
					"$(inherited)",
					"@executable_path/Frameworks",
					"@loader_path/Frameworks",
				);
				PRODUCT_BUNDLE_IDENTIFIER = com.narenyenuganti.HealthCompUITests;
				SDKROOT = iphoneos;
				SWIFT_VERSION = 5.9;
				TARGETED_DEVICE_FAMILY = "1,2";
				TEST_TARGET_NAME = HealthComp;
			};
			name = Staging;
		};
		2C4AEBF1A88A7082079BE834 /* Debug */ = {
			isa = XCBuildConfiguration;
			buildSettings = {
				ASSETCATALOG_COMPILER_APPICON_NAME = AppIcon;
				CODE_SIGN_ENTITLEMENTS = HealthComp/Resources/HealthComp.entitlements;
				CODE_SIGN_IDENTITY = "iPhone Developer";
				INFOPLIST_FILE = HealthComp/Resources/Info.plist;
				LD_RUNPATH_SEARCH_PATHS = (
					"$(inherited)",
					"@executable_path/Frameworks",
				);
				PRODUCT_BUNDLE_IDENTIFIER = com.narenyenuganti.HealthComp;
				SDKROOT = iphoneos;
				SWIFT_VERSION = 5.9;
				TARGETED_DEVICE_FAMILY = 1;
			};
			name = Debug;
		};
		4D394CE778E318D67D463D2B /* Release */ = {
			isa = XCBuildConfiguration;
			buildSettings = {
				BUNDLE_LOADER = "$(TEST_HOST)";
				GENERATE_INFOPLIST_FILE = YES;
				LD_RUNPATH_SEARCH_PATHS = (
					"$(inherited)",
					"@executable_path/Frameworks",
					"@loader_path/Frameworks",
				);
				PRODUCT_BUNDLE_IDENTIFIER = com.narenyenuganti.HealthCompUITests;
				SDKROOT = iphoneos;
				SWIFT_VERSION = 5.9;
				TARGETED_DEVICE_FAMILY = "1,2";
				TEST_TARGET_NAME = HealthComp;
			};
			name = Release;
		};
		600A9BE9926C0442C8AE0C18 /* Staging */ = {
			isa = XCBuildConfiguration;
			baseConfigurationReference = 44AD870A448F41B9785BF328 /* Staging.xcconfig */;
			buildSettings = {
				ALWAYS_SEARCH_USER_PATHS = NO;
				CLANG_ANALYZER_NONNULL = YES;
				CLANG_ANALYZER_NUMBER_OBJECT_CONVERSION = YES_AGGRESSIVE;
				CLANG_CXX_LANGUAGE_STANDARD = "gnu++14";
				CLANG_CXX_LIBRARY = "libc++";
				CLANG_ENABLE_MODULES = YES;
				CLANG_ENABLE_OBJC_ARC = YES;
				CLANG_ENABLE_OBJC_WEAK = YES;
				CLANG_WARN_BLOCK_CAPTURE_AUTORELEASING = YES;
				CLANG_WARN_BOOL_CONVERSION = YES;
				CLANG_WARN_COMMA = YES;
				CLANG_WARN_CONSTANT_CONVERSION = YES;
				CLANG_WARN_DEPRECATED_OBJC_IMPLEMENTATIONS = YES;
				CLANG_WARN_DIRECT_OBJC_ISA_USAGE = YES_ERROR;
				CLANG_WARN_DOCUMENTATION_COMMENTS = YES;
				CLANG_WARN_EMPTY_BODY = YES;
				CLANG_WARN_ENUM_CONVERSION = YES;
				CLANG_WARN_INFINITE_RECURSION = YES;
				CLANG_WARN_INT_CONVERSION = YES;
				CLANG_WARN_NON_LITERAL_NULL_CONVERSION = YES;
				CLANG_WARN_OBJC_IMPLICIT_RETAIN_SELF = YES;
				CLANG_WARN_OBJC_LITERAL_CONVERSION = YES;
				CLANG_WARN_OBJC_ROOT_CLASS = YES_ERROR;
				CLANG_WARN_QUOTED_INCLUDE_IN_FRAMEWORK_HEADER = YES;
				CLANG_WARN_RANGE_LOOP_ANALYSIS = YES;
				CLANG_WARN_STRICT_PROTOTYPES = YES;
				CLANG_WARN_SUSPICIOUS_MOVE = YES;
				CLANG_WARN_UNGUARDED_AVAILABILITY = YES_AGGRESSIVE;
				CLANG_WARN_UNREACHABLE_CODE = YES;
				CLANG_WARN__DUPLICATE_METHOD_MATCH = YES;
				COPY_PHASE_STRIP = NO;
				DEBUG_INFORMATION_FORMAT = "dwarf-with-dsym";
				ENABLE_NS_ASSERTIONS = NO;
				ENABLE_STRICT_OBJC_MSGSEND = YES;
				GCC_C_LANGUAGE_STANDARD = gnu11;
				GCC_NO_COMMON_BLOCKS = YES;
				GCC_WARN_64_TO_32_BIT_CONVERSION = YES;
				GCC_WARN_ABOUT_RETURN_TYPE = YES_ERROR;
				GCC_WARN_UNDECLARED_SELECTOR = YES;
				GCC_WARN_UNINITIALIZED_AUTOS = YES_AGGRESSIVE;
				GCC_WARN_UNUSED_FUNCTION = YES;
				GCC_WARN_UNUSED_VARIABLE = YES;
				IPHONEOS_DEPLOYMENT_TARGET = 17.0;
				MTL_ENABLE_DEBUG_INFO = NO;
				MTL_FAST_MATH = YES;
				PRODUCT_NAME = "$(TARGET_NAME)";
				SDKROOT = iphoneos;
				SWIFT_COMPILATION_MODE = wholemodule;
				SWIFT_OPTIMIZATION_LEVEL = "-O";
				SWIFT_VERSION = 5.0;
			};
			name = Staging;
		};
		702F58129DE03E54C4F611EA /* Release */ = {
			isa = XCBuildConfiguration;
			buildSettings = {
				BUNDLE_LOADER = "$(TEST_HOST)";
				GENERATE_INFOPLIST_FILE = YES;
				LD_RUNPATH_SEARCH_PATHS = (
					"$(inherited)",
					"@executable_path/Frameworks",
					"@loader_path/Frameworks",
				);
				PRODUCT_BUNDLE_IDENTIFIER = com.narenyenuganti.HealthCompTests;
				SDKROOT = iphoneos;
				SWIFT_VERSION = 5.9;
				TARGETED_DEVICE_FAMILY = "1,2";
				TEST_HOST = "$(BUILT_PRODUCTS_DIR)/HealthComp.app/HealthComp";
			};
			name = Release;
		};
		7247BCBF57150B28700B6F32 /* Staging */ = {
			isa = XCBuildConfiguration;
			buildSettings = {
				BUNDLE_LOADER = "$(TEST_HOST)";
				GENERATE_INFOPLIST_FILE = YES;
				LD_RUNPATH_SEARCH_PATHS = (
					"$(inherited)",
					"@executable_path/Frameworks",
					"@loader_path/Frameworks",
				);
				PRODUCT_BUNDLE_IDENTIFIER = com.narenyenuganti.HealthCompTests;
				SDKROOT = iphoneos;
				SWIFT_VERSION = 5.9;
				TARGETED_DEVICE_FAMILY = "1,2";
				TEST_HOST = "$(BUILT_PRODUCTS_DIR)/HealthComp.app/HealthComp";
			};
			name = Staging;
		};
		9ACD9AD6B4809E0A513B5B33 /* Release */ = {
			isa = XCBuildConfiguration;
			baseConfigurationReference = E319BF38E9A52EF2BC2D9349 /* Production.xcconfig */;
			buildSettings = {
				ALWAYS_SEARCH_USER_PATHS = NO;
				CLANG_ANALYZER_NONNULL = YES;
				CLANG_ANALYZER_NUMBER_OBJECT_CONVERSION = YES_AGGRESSIVE;
				CLANG_CXX_LANGUAGE_STANDARD = "gnu++14";
				CLANG_CXX_LIBRARY = "libc++";
				CLANG_ENABLE_MODULES = YES;
				CLANG_ENABLE_OBJC_ARC = YES;
				CLANG_ENABLE_OBJC_WEAK = YES;
				CLANG_WARN_BLOCK_CAPTURE_AUTORELEASING = YES;
				CLANG_WARN_BOOL_CONVERSION = YES;
				CLANG_WARN_COMMA = YES;
				CLANG_WARN_CONSTANT_CONVERSION = YES;
				CLANG_WARN_DEPRECATED_OBJC_IMPLEMENTATIONS = YES;
				CLANG_WARN_DIRECT_OBJC_ISA_USAGE = YES_ERROR;
				CLANG_WARN_DOCUMENTATION_COMMENTS = YES;
				CLANG_WARN_EMPTY_BODY = YES;
				CLANG_WARN_ENUM_CONVERSION = YES;
				CLANG_WARN_INFINITE_RECURSION = YES;
				CLANG_WARN_INT_CONVERSION = YES;
				CLANG_WARN_NON_LITERAL_NULL_CONVERSION = YES;
				CLANG_WARN_OBJC_IMPLICIT_RETAIN_SELF = YES;
				CLANG_WARN_OBJC_LITERAL_CONVERSION = YES;
				CLANG_WARN_OBJC_ROOT_CLASS = YES_ERROR;
				CLANG_WARN_QUOTED_INCLUDE_IN_FRAMEWORK_HEADER = YES;
				CLANG_WARN_RANGE_LOOP_ANALYSIS = YES;
				CLANG_WARN_STRICT_PROTOTYPES = YES;
				CLANG_WARN_SUSPICIOUS_MOVE = YES;
				CLANG_WARN_UNGUARDED_AVAILABILITY = YES_AGGRESSIVE;
				CLANG_WARN_UNREACHABLE_CODE = YES;
				CLANG_WARN__DUPLICATE_METHOD_MATCH = YES;
				COPY_PHASE_STRIP = NO;
				DEBUG_INFORMATION_FORMAT = "dwarf-with-dsym";
				ENABLE_NS_ASSERTIONS = NO;
				ENABLE_STRICT_OBJC_MSGSEND = YES;
				GCC_C_LANGUAGE_STANDARD = gnu11;
				GCC_NO_COMMON_BLOCKS = YES;
				GCC_WARN_64_TO_32_BIT_CONVERSION = YES;
				GCC_WARN_ABOUT_RETURN_TYPE = YES_ERROR;
				GCC_WARN_UNDECLARED_SELECTOR = YES;
				GCC_WARN_UNINITIALIZED_AUTOS = YES_AGGRESSIVE;
				GCC_WARN_UNUSED_FUNCTION = YES;
				GCC_WARN_UNUSED_VARIABLE = YES;
				IPHONEOS_DEPLOYMENT_TARGET = 17.0;
				MTL_ENABLE_DEBUG_INFO = NO;
				MTL_FAST_MATH = YES;
				PRODUCT_NAME = "$(TARGET_NAME)";
				SDKROOT = iphoneos;
				SWIFT_COMPILATION_MODE = wholemodule;
				SWIFT_OPTIMIZATION_LEVEL = "-O";
				SWIFT_VERSION = 5.0;
			};
			name = Release;
		};
		AE61E2B2A54B7508E591590A /* Debug */ = {
			isa = XCBuildConfiguration;
			baseConfigurationReference = C16133B055FC48D62F572F7B /* Development.xcconfig */;
			buildSettings = {
				ALWAYS_SEARCH_USER_PATHS = NO;
				CLANG_ANALYZER_NONNULL = YES;
				CLANG_ANALYZER_NUMBER_OBJECT_CONVERSION = YES_AGGRESSIVE;
				CLANG_CXX_LANGUAGE_STANDARD = "gnu++14";
				CLANG_CXX_LIBRARY = "libc++";
				CLANG_ENABLE_MODULES = YES;
				CLANG_ENABLE_OBJC_ARC = YES;
				CLANG_ENABLE_OBJC_WEAK = YES;
				CLANG_WARN_BLOCK_CAPTURE_AUTORELEASING = YES;
				CLANG_WARN_BOOL_CONVERSION = YES;
				CLANG_WARN_COMMA = YES;
				CLANG_WARN_CONSTANT_CONVERSION = YES;
				CLANG_WARN_DEPRECATED_OBJC_IMPLEMENTATIONS = YES;
				CLANG_WARN_DIRECT_OBJC_ISA_USAGE = YES_ERROR;
				CLANG_WARN_DOCUMENTATION_COMMENTS = YES;
				CLANG_WARN_EMPTY_BODY = YES;
				CLANG_WARN_ENUM_CONVERSION = YES;
				CLANG_WARN_INFINITE_RECURSION = YES;
				CLANG_WARN_INT_CONVERSION = YES;
				CLANG_WARN_NON_LITERAL_NULL_CONVERSION = YES;
				CLANG_WARN_OBJC_IMPLICIT_RETAIN_SELF = YES;
				CLANG_WARN_OBJC_LITERAL_CONVERSION = YES;
				CLANG_WARN_OBJC_ROOT_CLASS = YES_ERROR;
				CLANG_WARN_QUOTED_INCLUDE_IN_FRAMEWORK_HEADER = YES;
				CLANG_WARN_RANGE_LOOP_ANALYSIS = YES;
				CLANG_WARN_STRICT_PROTOTYPES = YES;
				CLANG_WARN_SUSPICIOUS_MOVE = YES;
				CLANG_WARN_UNGUARDED_AVAILABILITY = YES_AGGRESSIVE;
				CLANG_WARN_UNREACHABLE_CODE = YES;
				CLANG_WARN__DUPLICATE_METHOD_MATCH = YES;
				COPY_PHASE_STRIP = NO;
				DEBUG_INFORMATION_FORMAT = dwarf;
				ENABLE_STRICT_OBJC_MSGSEND = YES;
				ENABLE_TESTABILITY = YES;
				GCC_C_LANGUAGE_STANDARD = gnu11;
				GCC_DYNAMIC_NO_PIC = NO;
				GCC_NO_COMMON_BLOCKS = YES;
				GCC_OPTIMIZATION_LEVEL = 0;
				GCC_PREPROCESSOR_DEFINITIONS = (
					"$(inherited)",
					"DEBUG=1",
				);
				GCC_WARN_64_TO_32_BIT_CONVERSION = YES;
				GCC_WARN_ABOUT_RETURN_TYPE = YES_ERROR;
				GCC_WARN_UNDECLARED_SELECTOR = YES;
				GCC_WARN_UNINITIALIZED_AUTOS = YES_AGGRESSIVE;
				GCC_WARN_UNUSED_FUNCTION = YES;
				GCC_WARN_UNUSED_VARIABLE = YES;
				IPHONEOS_DEPLOYMENT_TARGET = 17.0;
				MTL_ENABLE_DEBUG_INFO = INCLUDE_SOURCE;
				MTL_FAST_MATH = YES;
				ONLY_ACTIVE_ARCH = YES;
				PRODUCT_NAME = "$(TARGET_NAME)";
				SDKROOT = iphoneos;
				SWIFT_ACTIVE_COMPILATION_CONDITIONS = DEBUG;
				SWIFT_OPTIMIZATION_LEVEL = "-Onone";
				SWIFT_VERSION = 5.0;
			};
			name = Debug;
		};
		B8763EED9C890C27FFBF35F0 /* Staging */ = {
			isa = XCBuildConfiguration;
			buildSettings = {
				ASSETCATALOG_COMPILER_APPICON_NAME = AppIcon;
				CODE_SIGN_ENTITLEMENTS = HealthComp/Resources/HealthComp.entitlements;
				CODE_SIGN_IDENTITY = "iPhone Developer";
				INFOPLIST_FILE = HealthComp/Resources/Info.plist;
				LD_RUNPATH_SEARCH_PATHS = (
					"$(inherited)",
					"@executable_path/Frameworks",
				);
				PRODUCT_BUNDLE_IDENTIFIER = com.narenyenuganti.HealthComp.staging;
				SDKROOT = iphoneos;
				SWIFT_VERSION = 5.9;
				TARGETED_DEVICE_FAMILY = 1;
			};
			name = Staging;
		};
		C8A9CBB953B823809AED9646 /* Debug */ = {
			isa = XCBuildConfiguration;
			buildSettings = {
				BUNDLE_LOADER = "$(TEST_HOST)";
				GENERATE_INFOPLIST_FILE = YES;
				LD_RUNPATH_SEARCH_PATHS = (
					"$(inherited)",
					"@executable_path/Frameworks",
					"@loader_path/Frameworks",
				);
				PRODUCT_BUNDLE_IDENTIFIER = com.narenyenuganti.HealthCompTests;
				SDKROOT = iphoneos;
				SWIFT_VERSION = 5.9;
				TARGETED_DEVICE_FAMILY = "1,2";
				TEST_HOST = "$(BUILT_PRODUCTS_DIR)/HealthComp.app/HealthComp";
			};
			name = Debug;
		};
		DA07BF8D19C87085FA9ED89C /* Release */ = {
			isa = XCBuildConfiguration;
			buildSettings = {
				ASSETCATALOG_COMPILER_APPICON_NAME = AppIcon;
				CODE_SIGN_ENTITLEMENTS = HealthComp/Resources/HealthComp.entitlements;
				CODE_SIGN_IDENTITY = "iPhone Developer";
				INFOPLIST_FILE = HealthComp/Resources/Info.plist;
				LD_RUNPATH_SEARCH_PATHS = (
					"$(inherited)",
					"@executable_path/Frameworks",
				);
				PRODUCT_BUNDLE_IDENTIFIER = com.narenyenuganti.HealthComp;
				SDKROOT = iphoneos;
				SWIFT_VERSION = 5.9;
				TARGETED_DEVICE_FAMILY = 1;
			};
			name = Release;
		};
		DF88132285D1FFD65AA9A8E7 /* Debug */ = {
			isa = XCBuildConfiguration;
			buildSettings = {
				BUNDLE_LOADER = "$(TEST_HOST)";
				GENERATE_INFOPLIST_FILE = YES;
				LD_RUNPATH_SEARCH_PATHS = (
					"$(inherited)",
					"@executable_path/Frameworks",
					"@loader_path/Frameworks",
				);
				PRODUCT_BUNDLE_IDENTIFIER = com.narenyenuganti.HealthCompUITests;
				SDKROOT = iphoneos;
				SWIFT_VERSION = 5.9;
				TARGETED_DEVICE_FAMILY = "1,2";
				TEST_TARGET_NAME = HealthComp;
			};
			name = Debug;
		};
/* End XCBuildConfiguration section */

/* Begin XCConfigurationList section */
		1E542DF51E54A7039E55C004 /* Build configuration list for PBXNativeTarget "HealthCompTests" */ = {
			isa = XCConfigurationList;
			buildConfigurations = (
				C8A9CBB953B823809AED9646 /* Debug */,
				702F58129DE03E54C4F611EA /* Release */,
				7247BCBF57150B28700B6F32 /* Staging */,
			);
			defaultConfigurationIsVisible = 0;
			defaultConfigurationName = Debug;
		};
		29BF8AADEFFE8DEDAE2AC2AF /* Build configuration list for PBXProject "HealthComp" */ = {
			isa = XCConfigurationList;
			buildConfigurations = (
				AE61E2B2A54B7508E591590A /* Debug */,
				9ACD9AD6B4809E0A513B5B33 /* Release */,
				600A9BE9926C0442C8AE0C18 /* Staging */,
			);
			defaultConfigurationIsVisible = 0;
			defaultConfigurationName = Debug;
		};
		5947FE326AECC3830517F0DD /* Build configuration list for PBXNativeTarget "HealthCompUITests" */ = {
			isa = XCConfigurationList;
			buildConfigurations = (
				DF88132285D1FFD65AA9A8E7 /* Debug */,
				4D394CE778E318D67D463D2B /* Release */,
				153148AA51E80314704AC5B2 /* Staging */,
			);
			defaultConfigurationIsVisible = 0;
			defaultConfigurationName = Debug;
		};
		B7B1486E7BC6C43CC6001970 /* Build configuration list for PBXNativeTarget "HealthComp" */ = {
			isa = XCConfigurationList;
			buildConfigurations = (
				2C4AEBF1A88A7082079BE834 /* Debug */,
				DA07BF8D19C87085FA9ED89C /* Release */,
				B8763EED9C890C27FFBF35F0 /* Staging */,
			);
			defaultConfigurationIsVisible = 0;
			defaultConfigurationName = Debug;
		};
/* End XCConfigurationList section */

/* Begin XCLocalSwiftPackageReference section */
		462A1D48F134154E6EF5A3C7 /* XCLocalSwiftPackageReference "Modules/CompetitionCore" */ = {
			isa = XCLocalSwiftPackageReference;
			relativePath = Modules/CompetitionCore;
		};
/* End XCLocalSwiftPackageReference section */

/* Begin XCRemoteSwiftPackageReference section */
		E447A5458A1BF1E4EAE6EE7D /* XCRemoteSwiftPackageReference "swift-composable-architecture" */ = {
			isa = XCRemoteSwiftPackageReference;
			repositoryURL = "https://github.com/pointfreeco/swift-composable-architecture";
			requirement = {
				kind = upToNextMajorVersion;
				minimumVersion = 1.17.0;
			};
		};
		EEF499805781B01BF3CC48F7 /* XCRemoteSwiftPackageReference "supabase-swift" */ = {
			isa = XCRemoteSwiftPackageReference;
			repositoryURL = "https://github.com/supabase/supabase-swift";
			requirement = {
				kind = exactVersion;
				version = 2.55.1;
			};
		};
/* End XCRemoteSwiftPackageReference section */

/* Begin XCSwiftPackageProductDependency section */
		72D0E717AD59302E2D046DE9 /* CompetitionCore */ = {
			isa = XCSwiftPackageProductDependency;
			productName = CompetitionCore;
		};
		765098240911111A6F629AE3 /* Supabase */ = {
			isa = XCSwiftPackageProductDependency;
			package = EEF499805781B01BF3CC48F7 /* XCRemoteSwiftPackageReference "supabase-swift" */;
			productName = Supabase;
		};
		94AE5B1EA8D73C40C59A519D /* CompetitionCore */ = {
			isa = XCSwiftPackageProductDependency;
			productName = CompetitionCore;
		};
		C19E50C9B46A4490A6CFAAEE /* ComposableArchitecture */ = {
			isa = XCSwiftPackageProductDependency;
			package = E447A5458A1BF1E4EAE6EE7D /* XCRemoteSwiftPackageReference "swift-composable-architecture" */;
			productName = ComposableArchitecture;
		};
/* End XCSwiftPackageProductDependency section */
	};
	rootObject = 6F8A6AF82470DA913821CC35 /* Project object */;
}
